// !$*UTF8*$!
{
	archiveVersion = 1;
	classes = {
	};
	objectVersion = 56;
	objects = {

/* Begin PBXBuildFile section */
		ED05D13429B32C5A00BA286C /* main.swift in Sources */ = {isa = PBXBuildFile; fileRef = ED05D13329B32C5A00BA286C /* main.swift */; };
		ED05D14129B32C9F00BA286C /* main.swift in Sources */ = {isa = PBXBuildFile; fileRef = ED05D14029B32C9F00BA286C /* main.swift */; };
		ED05D14C29B3354300BA286C /* main.swift in Sources */ = {isa = PBXBuildFile; fileRef = ED05D14B29B3354300BA286C /* main.swift */; };
/* End PBXBuildFile section */

/* Begin PBXCopyFilesBuildPhase section */
		ED05D12E29B32C5A00BA286C /* CopyFiles */ = {
			isa = PBXCopyFilesBuildPhase;
			buildActionMask = 2147483647;
			dstPath = /usr/share/man/man1/;
			dstSubfolderSpec = 0;
			files = (
			);
			runOnlyForDeploymentPostprocessing = 1;
		};
		ED05D13C29B32C9F00BA286C /* CopyFiles */ = {
			isa = PBXCopyFilesBuildPhase;
			buildActionMask = 2147483647;
			dstPath = /usr/share/man/man1/;
			dstSubfolderSpec = 0;
			files = (
			);
			runOnlyForDeploymentPostprocessing = 1;
		};
		ED05D14729B3354300BA286C /* CopyFiles */ = {
			isa = PBXCopyFilesBuildPhase;
			buildActionMask = 2147483647;
			dstPath = /usr/share/man/man1/;
			dstSubfolderSpec = 0;
			files = (
			);
			runOnlyForDeploymentPostprocessing = 1;
		};
/* End PBXCopyFilesBuildPhase section */

/* Begin PBXFileReference section */
		ED05D13029B32C5A00BA286C /* programmers */ = {isa = PBXFileReference; explicitFileType = "compiled.mach-o.executable"; includeInIndex = 0; path = programmers; sourceTree = BUILT_PRODUCTS_DIR; };
		ED05D13329B32C5A00BA286C /* main.swift */ = {isa = PBXFileReference; lastKnownFileType = sourcecode.swift; path = main.swift; sourceTree = "<group>"; };
		ED05D13E29B32C9F00BA286C /* 덧칠하기 */ = {isa = PBXFileReference; explicitFileType = "compiled.mach-o.executable"; includeInIndex = 0; path = "덧칠하기"; sourceTree = BUILT_PRODUCTS_DIR; };
		ED05D14029B32C9F00BA286C /* main.swift */ = {isa = PBXFileReference; lastKnownFileType = sourcecode.swift; name = main.swift; path = "../덧칠하기/main.swift"; sourceTree = "<group>"; };
		ED05D14929B3354300BA286C /* 혼자서 하는 틱택토 */ = {isa = PBXFileReference; explicitFileType = "compiled.mach-o.executable"; includeInIndex = 0; path = "혼자서 하는 틱택토"; sourceTree = BUILT_PRODUCTS_DIR; };
		ED05D14B29B3354300BA286C /* main.swift */ = {isa = PBXFileReference; lastKnownFileType = sourcecode.swift; name = main.swift; path = "../혼자서 하는 틱택토/main.swift"; sourceTree = "<group>"; };
/* End PBXFileReference section */

/* Begin PBXFrameworksBuildPhase section */
		ED05D12D29B32C5A00BA286C /* Frameworks */ = {
			isa = PBXFrameworksBuildPhase;
			buildActionMask = 2147483647;
			files = (
			);
			runOnlyForDeploymentPostprocessing = 0;
		};
		ED05D13B29B32C9F00BA286C /* Frameworks */ = {
			isa = PBXFrameworksBuildPhase;
			buildActionMask = 2147483647;
			files = (
			);
			runOnlyForDeploymentPostprocessing = 0;
		};
		ED05D14629B3354300BA286C /* Frameworks */ = {
			isa = PBXFrameworksBuildPhase;
			buildActionMask = 2147483647;
			files = (
			);
			runOnlyForDeploymentPostprocessing = 0;
		};
/* End PBXFrameworksBuildPhase section */

/* Begin PBXGroup section */
		ED05D12729B32C5A00BA286C = {
			isa = PBXGroup;
			children = (
				ED05D13229B32C5A00BA286C /* programmers */,
				ED05D13F29B32C9F00BA286C /* 덧칠하기 */,
				ED05D14A29B3354300BA286C /* 혼자서 하는 틱택토 */,
				ED05D13129B32C5A00BA286C /* Products */,
			);
			sourceTree = "<group>";
		};
		ED05D13129B32C5A00BA286C /* Products */ = {
			isa = PBXGroup;
			children = (
				ED05D13029B32C5A00BA286C /* programmers */,
				ED05D13E29B32C9F00BA286C /* 덧칠하기 */,
				ED05D14929B3354300BA286C /* 혼자서 하는 틱택토 */,
			);
			name = Products;
			sourceTree = "<group>";
		};
		ED05D13229B32C5A00BA286C /* programmers */ = {
			isa = PBXGroup;
			children = (
				ED05D13329B32C5A00BA286C /* main.swift */,
			);
			path = programmers;
			sourceTree = "<group>";
		};
		ED05D13F29B32C9F00BA286C /* 덧칠하기 */ = {
			isa = PBXGroup;
			children = (
				ED05D14029B32C9F00BA286C /* main.swift */,
			);
			path = "덧칠하기";
			sourceTree = "<group>";
		};
		ED05D14A29B3354300BA286C /* 혼자서 하는 틱택토 */ = {
			isa = PBXGroup;
			children = (
				ED05D14B29B3354300BA286C /* main.swift */,
			);
			path = "혼자서 하는 틱택토";
			sourceTree = "<group>";
		};
/* End PBXGroup section */

/* Begin PBXNativeTarget section */
		ED05D12F29B32C5A00BA286C /* programmers */ = {
			isa = PBXNativeTarget;
			buildConfigurationList = ED05D13729B32C5A00BA286C /* Build configuration list for PBXNativeTarget "programmers" */;
			buildPhases = (
				ED05D12C29B32C5A00BA286C /* Sources */,
				ED05D12D29B32C5A00BA286C /* Frameworks */,
				ED05D12E29B32C5A00BA286C /* CopyFiles */,
			);
			buildRules = (
			);
			dependencies = (
			);
			name = programmers;
			productName = programmers;
			productReference = ED05D13029B32C5A00BA286C /* programmers */;
			productType = "com.apple.product-type.tool";
		};
		ED05D13D29B32C9F00BA286C /* 덧칠하기 */ = {
			isa = PBXNativeTarget;
			buildConfigurationList = ED05D14229B32C9F00BA286C /* Build configuration list for PBXNativeTarget "덧칠하기" */;
			buildPhases = (
				ED05D13A29B32C9F00BA286C /* Sources */,
				ED05D13B29B32C9F00BA286C /* Frameworks */,
				ED05D13C29B32C9F00BA286C /* CopyFiles */,
			);
			buildRules = (
			);
			dependencies = (
			);
			name = "덧칠하기";
			productName = "덧칠하기";
			productReference = ED05D13E29B32C9F00BA286C /* 덧칠하기 */;
			productType = "com.apple.product-type.tool";
		};
		ED05D14829B3354300BA286C /* 혼자서 하는 틱택토 */ = {
			isa = PBXNativeTarget;
			buildConfigurationList = ED05D14D29B3354300BA286C /* Build configuration list for PBXNativeTarget "혼자서 하는 틱택토" */;
			buildPhases = (
				ED05D14529B3354300BA286C /* Sources */,
				ED05D14629B3354300BA286C /* Frameworks */,
				ED05D14729B3354300BA286C /* CopyFiles */,
			);
			buildRules = (
			);
			dependencies = (
			);
			name = "혼자서 하는 틱택토";
			productName = "혼자서 하는 틱택토";
			productReference = ED05D14929B3354300BA286C /* 혼자서 하는 틱택토 */;
			productType = "com.apple.product-type.tool";
		};
/* End PBXNativeTarget section */

/* Begin PBXProject section */
		ED05D12829B32C5A00BA286C /* Project object */ = {
			isa = PBXProject;
			attributes = {
				BuildIndependentTargetsInParallel = 1;
				LastSwiftUpdateCheck = 1420;
				LastUpgradeCheck = 1420;
				TargetAttributes = {
					ED05D12F29B32C5A00BA286C = {
						CreatedOnToolsVersion = 14.2;
					};
					ED05D13D29B32C9F00BA286C = {
						CreatedOnToolsVersion = 14.2;
					};
					ED05D14829B3354300BA286C = {
						CreatedOnToolsVersion = 14.2;
					};
				};
			};
			buildConfigurationList = ED05D12B29B32C5A00BA286C /* Build configuration list for PBXProject "programmers" */;
			compatibilityVersion = "Xcode 14.0";
			developmentRegion = en;
			hasScannedForEncodings = 0;
			knownRegions = (
				en,
				Base,
			);
			mainGroup = ED05D12729B32C5A00BA286C;
			productRefGroup = ED05D13129B32C5A00BA286C /* Products */;
			projectDirPath = "";
			projectRoot = "";
			targets = (
				ED05D12F29B32C5A00BA286C /* programmers */,
				ED05D13D29B32C9F00BA286C /* 덧칠하기 */,
				ED05D14829B3354300BA286C /* 혼자서 하는 틱택토 */,
			);
		};
/* End PBXProject section */

/* Begin PBXSourcesBuildPhase section */
		ED05D12C29B32C5A00BA286C /* Sources */ = {
			isa = PBXSourcesBuildPhase;
			buildActionMask = 2147483647;
			files = (
				ED05D13429B32C5A00BA286C /* main.swift in Sources */,
			);
			runOnlyForDeploymentPostprocessing = 0;
		};
		ED05D13A29B32C9F00BA286C /* Sources */ = {
			isa = PBXSourcesBuildPhase;
			buildActionMask = 2147483647;
			files = (
				ED05D14129B32C9F00BA286C /* main.swift in Sources */,
			);
			runOnlyForDeploymentPostprocessing = 0;
		};
		ED05D14529B3354300BA286C /* Sources */ = {
			isa = PBXSourcesBuildPhase;
			buildActionMask = 2147483647;
			files = (
				ED05D14C29B3354300BA286C /* main.swift in Sources */,
			);
			runOnlyForDeploymentPostprocessing = 0;
		};
/* End PBXSourcesBuildPhase section */

/* Begin XCBuildConfiguration section */
		ED05D13529B32C5A00BA286C /* Debug */ = {
			isa = XCBuildConfiguration;
			buildSettings = {
				ALWAYS_SEARCH_USER_PATHS = NO;
				CLANG_ANALYZER_NONNULL = YES;
				CLANG_ANALYZER_NUMBER_OBJECT_CONVERSION = YES_AGGRESSIVE;
				CLANG_CXX_LANGUAGE_STANDARD = "gnu++20";
				CLANG_ENABLE_MODULES = YES;
				CLANG_ENABLE_OBJC_ARC = YES;
				CLANG_ENABLE_OBJC_WEAK = YES;
				CLANG_WARN_BLOCK_CAPTURE_AUTORELEASING = YES;
				CLANG_WARN_BOOL_CONVERSION = YES;
				CLANG_WARN_COMMA = YES;
				CLANG_WARN_CONSTANT_CONVERSION = YES;
				CLANG_WARN_DEPRECATED_OBJC_IMPLEMENTATIONS = YES;
				CLANG_WARN_DIRECT_OBJC_ISA_USAGE = YES_ERROR;
				CLANG_WARN_DOCUMENTATION_COMMENTS = YES;
				CLANG_WARN_EMPTY_BODY = YES;
				CLANG_WARN_ENUM_CONVERSION = YES;
				CLANG_WARN_INFINITE_RECURSION = YES;
				CLANG_WARN_INT_CONVERSION = YES;
				CLANG_WARN_NON_LITERAL_NULL_CONVERSION = YES;
				CLANG_WARN_OBJC_IMPLICIT_RETAIN_SELF = YES;
				CLANG_WARN_OBJC_LITERAL_CONVERSION = YES;
				CLANG_WARN_OBJC_ROOT_CLASS = YES_ERROR;
				CLANG_WARN_QUOTED_INCLUDE_IN_FRAMEWORK_HEADER = YES;
				CLANG_WARN_RANGE_LOOP_ANALYSIS = YES;
				CLANG_WARN_STRICT_PROTOTYPES = YES;
				CLANG_WARN_SUSPICIOUS_MOVE = YES;
				CLANG_WARN_UNGUARDED_AVAILABILITY = YES_AGGRESSIVE;
				CLANG_WARN_UNREACHABLE_CODE = YES;
				CLANG_WARN__DUPLICATE_METHOD_MATCH = YES;
				COPY_PHASE_STRIP = NO;
				DEBUG_INFORMATION_FORMAT = dwarf;
				ENABLE_STRICT_OBJC_MSGSEND = YES;
				ENABLE_TESTABILITY = YES;
				GCC_C_LANGUAGE_STANDARD = gnu11;
				GCC_DYNAMIC_NO_PIC = NO;
				GCC_NO_COMMON_BLOCKS = YES;
				GCC_OPTIMIZATION_LEVEL = 0;
				GCC_PREPROCESSOR_DEFINITIONS = (
					"DEBUG=1",
					"$(inherited)",
				);
				GCC_WARN_64_TO_32_BIT_CONVERSION = YES;
				GCC_WARN_ABOUT_RETURN_TYPE = YES_ERROR;
				GCC_WARN_UNDECLARED_SELECTOR = YES;
				GCC_WARN_UNINITIALIZED_AUTOS = YES_AGGRESSIVE;
				GCC_WARN_UNUSED_FUNCTION = YES;
				GCC_WARN_UNUSED_VARIABLE = YES;
				MACOSX_DEPLOYMENT_TARGET = 13.1;
				MTL_ENABLE_DEBUG_INFO = INCLUDE_SOURCE;
				MTL_FAST_MATH = YES;
				ONLY_ACTIVE_ARCH = YES;
				SDKROOT = macosx;
				SWIFT_ACTIVE_COMPILATION_CONDITIONS = DEBUG;
				SWIFT_OPTIMIZATION_LEVEL = "-Onone";
			};
			name = Debug;
		};
		ED05D13629B32C5A00BA286C /* Release */ = {
			isa = XCBuildConfiguration;
			buildSettings = {
				ALWAYS_SEARCH_USER_PATHS = NO;
				CLANG_ANALYZER_NONNULL = YES;
				CLANG_ANALYZER_NUMBER_OBJECT_CONVERSION = YES_AGGRESSIVE;
				CLANG_CXX_LANGUAGE_STANDARD = "gnu++20";
				CLANG_ENABLE_MODULES = YES;
				CLANG_ENABLE_OBJC_ARC = YES;
				CLANG_ENABLE_OBJC_WEAK = YES;
				CLANG_WARN_BLOCK_CAPTURE_AUTORELEASING = YES;
				CLANG_WARN_BOOL_CONVERSION = YES;
				CLANG_WARN_COMMA = YES;
				CLANG_WARN_CONSTANT_CONVERSION = YES;
				CLANG_WARN_DEPRECATED_OBJC_IMPLEMENTATIONS = YES;
				CLANG_WARN_DIRECT_OBJC_ISA_USAGE = YES_ERROR;
				CLANG_WARN_DOCUMENTATION_COMMENTS = YES;
				CLANG_WARN_EMPTY_BODY = YES;
				CLANG_WARN_ENUM_CONVERSION = YES;
				CLANG_WARN_INFINITE_RECURSION = YES;
				CLANG_WARN_INT_CONVERSION = YES;
				CLANG_WARN_NON_LITERAL_NULL_CONVERSION = YES;
				CLANG_WARN_OBJC_IMPLICIT_RETAIN_SELF = YES;
				CLANG_WARN_OBJC_LITERAL_CONVERSION = YES;
				CLANG_WARN_OBJC_ROOT_CLASS = YES_ERROR;
				CLANG_WARN_QUOTED_INCLUDE_IN_FRAMEWORK_HEADER = YES;
				CLANG_WARN_RANGE_LOOP_ANALYSIS = YES;
				CLANG_WARN_STRICT_PROTOTYPES = YES;
				CLANG_WARN_SUSPICIOUS_MOVE = YES;
				CLANG_WARN_UNGUARDED_AVAILABILITY = YES_AGGRESSIVE;
				CLANG_WARN_UNREACHABLE_CODE = YES;
				CLANG_WARN__DUPLICATE_METHOD_MATCH = YES;
				COPY_PHASE_STRIP = NO;
				DEBUG_INFORMATION_FORMAT = "dwarf-with-dsym";
				ENABLE_NS_ASSERTIONS = NO;
				ENABLE_STRICT_OBJC_MSGSEND = YES;
				GCC_C_LANGUAGE_STANDARD = gnu11;
				GCC_NO_COMMON_BLOCKS = YES;
				GCC_WARN_64_TO_32_BIT_CONVERSION = YES;
				GCC_WARN_ABOUT_RETURN_TYPE = YES_ERROR;
				GCC_WARN_UNDECLARED_SELECTOR = YES;
				GCC_WARN_UNINITIALIZED_AUTOS = YES_AGGRESSIVE;
				GCC_WARN_UNUSED_FUNCTION = YES;
				GCC_WARN_UNUSED_VARIABLE = YES;
				MACOSX_DEPLOYMENT_TARGET = 13.1;
				MTL_ENABLE_DEBUG_INFO = NO;
				MTL_FAST_MATH = YES;
				SDKROOT = macosx;
				SWIFT_COMPILATION_MODE = wholemodule;
				SWIFT_OPTIMIZATION_LEVEL = "-O";
			};
			name = Release;
		};
		ED05D13829B32C5A00BA286C /* Debug */ = {
			isa = XCBuildConfiguration;
			buildSettings = {
				CODE_SIGN_STYLE = Automatic;
				DEVELOPMENT_TEAM = 82J7RU93V4;
				ENABLE_HARDENED_RUNTIME = YES;
				PRODUCT_NAME = "$(TARGET_NAME)";
				SWIFT_VERSION = 5.0;
			};
			name = Debug;
		};
		ED05D13929B32C5A00BA286C /* Release */ = {
			isa = XCBuildConfiguration;
			buildSettings = {
				CODE_SIGN_STYLE = Automatic;
				DEVELOPMENT_TEAM = 82J7RU93V4;
				ENABLE_HARDENED_RUNTIME = YES;
				PRODUCT_NAME = "$(TARGET_NAME)";
				SWIFT_VERSION = 5.0;
			};
			name = Release;
		};
		ED05D14329B32C9F00BA286C /* Debug */ = {
			isa = XCBuildConfiguration;
			buildSettings = {
				CODE_SIGN_STYLE = Automatic;
				DEVELOPMENT_TEAM = 82J7RU93V4;
				ENABLE_HARDENED_RUNTIME = YES;
				PRODUCT_NAME = "$(TARGET_NAME)";
				SWIFT_VERSION = 5.0;
			};
			name = Debug;
		};
		ED05D14429B32C9F00BA286C /* Release */ = {
			isa = XCBuildConfiguration;
			buildSettings = {
				CODE_SIGN_STYLE = Automatic;
				DEVELOPMENT_TEAM = 82J7RU93V4;
				ENABLE_HARDENED_RUNTIME = YES;
				PRODUCT_NAME = "$(TARGET_NAME)";
				SWIFT_VERSION = 5.0;
			};
			name = Release;
		};
		ED05D14E29B3354300BA286C /* Debug */ = {
			isa = XCBuildConfiguration;
			buildSettings = {
				CODE_SIGN_STYLE = Automatic;
				DEVELOPMENT_TEAM = 82J7RU93V4;
				ENABLE_HARDENED_RUNTIME = YES;
				PRODUCT_NAME = "$(TARGET_NAME)";
				SWIFT_VERSION = 5.0;
			};
			name = Debug;
		};
		ED05D14F29B3354300BA286C /* Release */ = {
			isa = XCBuildConfiguration;
			buildSettings = {
				CODE_SIGN_STYLE = Automatic;
				DEVELOPMENT_TEAM = 82J7RU93V4;
				ENABLE_HARDENED_RUNTIME = YES;
				PRODUCT_NAME = "$(TARGET_NAME)";
				SWIFT_VERSION = 5.0;
			};
			name = Release;
		};
/* End XCBuildConfiguration section */

/* Begin XCConfigurationList section */
		ED05D12B29B32C5A00BA286C /* Build configuration list for PBXProject "programmers" */ = {
			isa = XCConfigurationList;
			buildConfigurations = (
				ED05D13529B32C5A00BA286C /* Debug */,
				ED05D13629B32C5A00BA286C /* Release */,
			);
			defaultConfigurationIsVisible = 0;
			defaultConfigurationName = Release;
		};
		ED05D13729B32C5A00BA286C /* Build configuration list for PBXNativeTarget "programmers" */ = {
			isa = XCConfigurationList;
			buildConfigurations = (
				ED05D13829B32C5A00BA286C /* Debug */,
				ED05D13929B32C5A00BA286C /* Release */,
			);
			defaultConfigurationIsVisible = 0;
			defaultConfigurationName = Release;
		};
		ED05D14229B32C9F00BA286C /* Build configuration list for PBXNativeTarget "덧칠하기" */ = {
			isa = XCConfigurationList;
			buildConfigurations = (
				ED05D14329B32C9F00BA286C /* Debug */,
				ED05D14429B32C9F00BA286C /* Release */,
			);
			defaultConfigurationIsVisible = 0;
			defaultConfigurationName = Release;
		};
		ED05D14D29B3354300BA286C /* Build configuration list for PBXNativeTarget "혼자서 하는 틱택토" */ = {
			isa = XCConfigurationList;
			buildConfigurations = (
				ED05D14E29B3354300BA286C /* Debug */,
				ED05D14F29B3354300BA286C /* Release */,
			);
			defaultConfigurationIsVisible = 0;
			defaultConfigurationName = Release;
		};
/* End XCConfigurationList section */
	};
	rootObject = ED05D12829B32C5A00BA286C /* Project object */;
}
