// !$*UTF8*$!
{
	archiveVersion = 1;
	classes = {
	};
	objectVersion = 56;
	objects = {

/* Begin PBXBuildFile section */
		ED05D13429B32C5A00BA286C /* main.swift in Sources */ = {isa = PBXBuildFile; fileRef = ED05D13329B32C5A00BA286C /* main.swift */; };
		ED05D14129B32C9F00BA286C /* main.swift in Sources */ = {isa = PBXBuildFile; fileRef = ED05D14029B32C9F00BA286C /* main.swift */; };
		ED05D14C29B3354300BA286C /* main.swift in Sources */ = {isa = PBXBuildFile; fileRef = ED05D14B29B3354300BA286C /* main.swift */; };
		ED05D15929B4679D00BA286C /* main.swift in Sources */ = {isa = PBXBuildFile; fileRef = ED05D15829B4679D00BA286C /* main.swift */; };
		ED05D16429B48FEE00BA286C /* main.swift in Sources */ = {isa = PBXBuildFile; fileRef = ED05D16329B48FEE00BA286C /* main.swift */; };
		ED05D16F29B4BB4100BA286C /* main.swift in Sources */ = {isa = PBXBuildFile; fileRef = ED05D16E29B4BB4100BA286C /* main.swift */; };
		ED05D17A29B4C87300BA286C /* main.swift in Sources */ = {isa = PBXBuildFile; fileRef = ED05D17929B4C87300BA286C /* main.swift */; };
		ED05D18529B4D08200BA286C /* main.swift in Sources */ = {isa = PBXBuildFile; fileRef = ED05D18429B4D08200BA286C /* main.swift */; };
		ED05D19029B506E100BA286C /* main.swift in Sources */ = {isa = PBXBuildFile; fileRef = ED05D18F29B506E100BA286C /* main.swift */; };
		ED05D19B29B5B4E100BA286C /* main.swift in Sources */ = {isa = PBXBuildFile; fileRef = ED05D19A29B5B4E100BA286C /* main.swift */; };
		ED05D1A629B5D7E800BA286C /* main.swift in Sources */ = {isa = PBXBuildFile; fileRef = ED05D1A529B5D7E800BA286C /* main.swift */; };
		ED05D1B429B6E6A300BA286C /* main.swift in Sources */ = {isa = PBXBuildFile; fileRef = ED05D1B329B6E6A300BA286C /* main.swift */; };
		ED1BE40D29B75CCE004FB8D6 /* main.swift in Sources */ = {isa = PBXBuildFile; fileRef = ED1BE40C29B75CCE004FB8D6 /* main.swift */; };
		ED1BE41829B76235004FB8D6 /* main.swift in Sources */ = {isa = PBXBuildFile; fileRef = ED1BE41729B76235004FB8D6 /* main.swift */; };
		ED1BE42329B779FF004FB8D6 /* main.swift in Sources */ = {isa = PBXBuildFile; fileRef = ED1BE42229B779FF004FB8D6 /* main.swift */; };
		ED3E327A29BC14AA00B03E96 /* main.swift in Sources */ = {isa = PBXBuildFile; fileRef = ED3E327929BC14AA00B03E96 /* main.swift */; };
		ED3E328529BC54CF00B03E96 /* main.swift in Sources */ = {isa = PBXBuildFile; fileRef = ED3E328429BC54CF00B03E96 /* main.swift */; };
		ED6BD48D29B703CE0051CD40 /* main.swift in Sources */ = {isa = PBXBuildFile; fileRef = ED6BD48C29B703CE0051CD40 /* main.swift */; };
		ED773F4529C1CF1700A0849D /* main.swift in Sources */ = {isa = PBXBuildFile; fileRef = ED773F4429C1CF1700A0849D /* main.swift */; };
		EDA29A9029C60C6E0097ECD7 /* main.swift in Sources */ = {isa = PBXBuildFile; fileRef = EDA29A8F29C60C6E0097ECD7 /* main.swift */; };
/* End PBXBuildFile section */

/* Begin PBXCopyFilesBuildPhase section */
		ED05D12E29B32C5A00BA286C /* CopyFiles */ = {
			isa = PBXCopyFilesBuildPhase;
			buildActionMask = 2147483647;
			dstPath = /usr/share/man/man1/;
			dstSubfolderSpec = 0;
			files = (
			);
			runOnlyForDeploymentPostprocessing = 1;
		};
		ED05D13C29B32C9F00BA286C /* CopyFiles */ = {
			isa = PBXCopyFilesBuildPhase;
			buildActionMask = 2147483647;
			dstPath = /usr/share/man/man1/;
			dstSubfolderSpec = 0;
			files = (
			);
			runOnlyForDeploymentPostprocessing = 1;
		};
		ED05D14729B3354300BA286C /* CopyFiles */ = {
			isa = PBXCopyFilesBuildPhase;
			buildActionMask = 2147483647;
			dstPath = /usr/share/man/man1/;
			dstSubfolderSpec = 0;
			files = (
			);
			runOnlyForDeploymentPostprocessing = 1;
		};
		ED05D15429B4679D00BA286C /* CopyFiles */ = {
			isa = PBXCopyFilesBuildPhase;
			buildActionMask = 2147483647;
			dstPath = /usr/share/man/man1/;
			dstSubfolderSpec = 0;
			files = (
			);
			runOnlyForDeploymentPostprocessing = 1;
		};
		ED05D15F29B48FEE00BA286C /* CopyFiles */ = {
			isa = PBXCopyFilesBuildPhase;
			buildActionMask = 2147483647;
			dstPath = /usr/share/man/man1/;
			dstSubfolderSpec = 0;
			files = (
			);
			runOnlyForDeploymentPostprocessing = 1;
		};
		ED05D16A29B4BB4100BA286C /* CopyFiles */ = {
			isa = PBXCopyFilesBuildPhase;
			buildActionMask = 2147483647;
			dstPath = /usr/share/man/man1/;
			dstSubfolderSpec = 0;
			files = (
			);
			runOnlyForDeploymentPostprocessing = 1;
		};
		ED05D17529B4C87300BA286C /* CopyFiles */ = {
			isa = PBXCopyFilesBuildPhase;
			buildActionMask = 2147483647;
			dstPath = /usr/share/man/man1/;
			dstSubfolderSpec = 0;
			files = (
			);
			runOnlyForDeploymentPostprocessing = 1;
		};
		ED05D18029B4D08200BA286C /* CopyFiles */ = {
			isa = PBXCopyFilesBuildPhase;
			buildActionMask = 2147483647;
			dstPath = /usr/share/man/man1/;
			dstSubfolderSpec = 0;
			files = (
			);
			runOnlyForDeploymentPostprocessing = 1;
		};
		ED05D18B29B506E100BA286C /* CopyFiles */ = {
			isa = PBXCopyFilesBuildPhase;
			buildActionMask = 2147483647;
			dstPath = /usr/share/man/man1/;
			dstSubfolderSpec = 0;
			files = (
			);
			runOnlyForDeploymentPostprocessing = 1;
		};
		ED05D19629B5B4E100BA286C /* CopyFiles */ = {
			isa = PBXCopyFilesBuildPhase;
			buildActionMask = 2147483647;
			dstPath = /usr/share/man/man1/;
			dstSubfolderSpec = 0;
			files = (
			);
			runOnlyForDeploymentPostprocessing = 1;
		};
		ED05D1A129B5D7E800BA286C /* CopyFiles */ = {
			isa = PBXCopyFilesBuildPhase;
			buildActionMask = 2147483647;
			dstPath = /usr/share/man/man1/;
			dstSubfolderSpec = 0;
			files = (
			);
			runOnlyForDeploymentPostprocessing = 1;
		};
		ED05D1AF29B6E6A200BA286C /* CopyFiles */ = {
			isa = PBXCopyFilesBuildPhase;
			buildActionMask = 2147483647;
			dstPath = /usr/share/man/man1/;
			dstSubfolderSpec = 0;
			files = (
			);
			runOnlyForDeploymentPostprocessing = 1;
		};
		ED1BE40829B75CCE004FB8D6 /* CopyFiles */ = {
			isa = PBXCopyFilesBuildPhase;
			buildActionMask = 2147483647;
			dstPath = /usr/share/man/man1/;
			dstSubfolderSpec = 0;
			files = (
			);
			runOnlyForDeploymentPostprocessing = 1;
		};
		ED1BE41329B76235004FB8D6 /* CopyFiles */ = {
			isa = PBXCopyFilesBuildPhase;
			buildActionMask = 2147483647;
			dstPath = /usr/share/man/man1/;
			dstSubfolderSpec = 0;
			files = (
			);
			runOnlyForDeploymentPostprocessing = 1;
		};
		ED1BE41E29B779FE004FB8D6 /* CopyFiles */ = {
			isa = PBXCopyFilesBuildPhase;
			buildActionMask = 2147483647;
			dstPath = /usr/share/man/man1/;
			dstSubfolderSpec = 0;
			files = (
			);
			runOnlyForDeploymentPostprocessing = 1;
		};
		ED3E327529BC14A900B03E96 /* CopyFiles */ = {
			isa = PBXCopyFilesBuildPhase;
			buildActionMask = 2147483647;
			dstPath = /usr/share/man/man1/;
			dstSubfolderSpec = 0;
			files = (
			);
			runOnlyForDeploymentPostprocessing = 1;
		};
		ED3E328029BC54CF00B03E96 /* CopyFiles */ = {
			isa = PBXCopyFilesBuildPhase;
			buildActionMask = 2147483647;
			dstPath = /usr/share/man/man1/;
			dstSubfolderSpec = 0;
			files = (
			);
			runOnlyForDeploymentPostprocessing = 1;
		};
		ED6BD48829B703CE0051CD40 /* CopyFiles */ = {
			isa = PBXCopyFilesBuildPhase;
			buildActionMask = 2147483647;
			dstPath = /usr/share/man/man1/;
			dstSubfolderSpec = 0;
			files = (
			);
			runOnlyForDeploymentPostprocessing = 1;
		};
		ED773F4029C1CF1700A0849D /* CopyFiles */ = {
			isa = PBXCopyFilesBuildPhase;
			buildActionMask = 2147483647;
			dstPath = /usr/share/man/man1/;
			dstSubfolderSpec = 0;
			files = (
			);
			runOnlyForDeploymentPostprocessing = 1;
		};
		EDA29A8B29C60C6D0097ECD7 /* CopyFiles */ = {
			isa = PBXCopyFilesBuildPhase;
			buildActionMask = 2147483647;
			dstPath = /usr/share/man/man1/;
			dstSubfolderSpec = 0;
			files = (
			);
			runOnlyForDeploymentPostprocessing = 1;
		};
/* End PBXCopyFilesBuildPhase section */

/* Begin PBXFileReference section */
		ED05D13029B32C5A00BA286C /* programmers */ = {isa = PBXFileReference; explicitFileType = "compiled.mach-o.executable"; includeInIndex = 0; path = programmers; sourceTree = BUILT_PRODUCTS_DIR; };
		ED05D13329B32C5A00BA286C /* main.swift */ = {isa = PBXFileReference; lastKnownFileType = sourcecode.swift; path = main.swift; sourceTree = "<group>"; };
		ED05D13E29B32C9F00BA286C /* 덧칠하기 */ = {isa = PBXFileReference; explicitFileType = "compiled.mach-o.executable"; includeInIndex = 0; path = "덧칠하기"; sourceTree = BUILT_PRODUCTS_DIR; };
		ED05D14029B32C9F00BA286C /* main.swift */ = {isa = PBXFileReference; lastKnownFileType = sourcecode.swift; name = main.swift; path = "../덧칠하기/main.swift"; sourceTree = "<group>"; };
		ED05D14929B3354300BA286C /* 혼자서 하는 틱택토 */ = {isa = PBXFileReference; explicitFileType = "compiled.mach-o.executable"; includeInIndex = 0; path = "혼자서 하는 틱택토"; sourceTree = BUILT_PRODUCTS_DIR; };
		ED05D14B29B3354300BA286C /* main.swift */ = {isa = PBXFileReference; lastKnownFileType = sourcecode.swift; name = main.swift; path = "../혼자서 하는 틱택토/main.swift"; sourceTree = "<group>"; };
		ED05D15629B4679D00BA286C /* 미로 탈출 */ = {isa = PBXFileReference; explicitFileType = "compiled.mach-o.executable"; includeInIndex = 0; path = "미로 탈출"; sourceTree = BUILT_PRODUCTS_DIR; };
		ED05D15829B4679D00BA286C /* main.swift */ = {isa = PBXFileReference; lastKnownFileType = sourcecode.swift; name = main.swift; path = "../미로 탈출/main.swift"; sourceTree = "<group>"; };
		ED05D16129B48FEE00BA286C /* 호텔 대실 */ = {isa = PBXFileReference; explicitFileType = "compiled.mach-o.executable"; includeInIndex = 0; path = "호텔 대실"; sourceTree = BUILT_PRODUCTS_DIR; };
		ED05D16329B48FEE00BA286C /* main.swift */ = {isa = PBXFileReference; lastKnownFileType = sourcecode.swift; name = main.swift; path = "../호텔 대실/main.swift"; sourceTree = "<group>"; };
		ED05D16C29B4BB4100BA286C /* 무인도 여행 */ = {isa = PBXFileReference; explicitFileType = "compiled.mach-o.executable"; includeInIndex = 0; path = "무인도 여행"; sourceTree = BUILT_PRODUCTS_DIR; };
		ED05D16E29B4BB4100BA286C /* main.swift */ = {isa = PBXFileReference; lastKnownFileType = sourcecode.swift; name = main.swift; path = "../무인도 여행/main.swift"; sourceTree = "<group>"; };
		ED05D17729B4C87300BA286C /* 뒤에 있는 큰 수 찾기 */ = {isa = PBXFileReference; explicitFileType = "compiled.mach-o.executable"; includeInIndex = 0; path = "뒤에 있는 큰 수 찾기"; sourceTree = BUILT_PRODUCTS_DIR; };
		ED05D17929B4C87300BA286C /* main.swift */ = {isa = PBXFileReference; lastKnownFileType = sourcecode.swift; name = main.swift; path = "../뒤에 있는 큰 수 찾기/main.swift"; sourceTree = "<group>"; };
		ED05D18229B4D08200BA286C /* 숫자 변환하기 */ = {isa = PBXFileReference; explicitFileType = "compiled.mach-o.executable"; includeInIndex = 0; path = "숫자 변환하기"; sourceTree = BUILT_PRODUCTS_DIR; };
		ED05D18429B4D08200BA286C /* main.swift */ = {isa = PBXFileReference; lastKnownFileType = sourcecode.swift; name = main.swift; path = "../숫자 변환하기/main.swift"; sourceTree = "<group>"; };
		ED05D18D29B506E100BA286C /* 시소 짝꿍 */ = {isa = PBXFileReference; explicitFileType = "compiled.mach-o.executable"; includeInIndex = 0; path = "시소 짝꿍"; sourceTree = BUILT_PRODUCTS_DIR; };
		ED05D18F29B506E100BA286C /* main.swift */ = {isa = PBXFileReference; lastKnownFileType = sourcecode.swift; name = main.swift; path = "../시소 짝꿍/main.swift"; sourceTree = "<group>"; };
		ED05D19829B5B4E100BA286C /* 택배 배달과 수거하기 */ = {isa = PBXFileReference; explicitFileType = "compiled.mach-o.executable"; includeInIndex = 0; path = "택배 배달과 수거하기"; sourceTree = BUILT_PRODUCTS_DIR; };
		ED05D19A29B5B4E100BA286C /* main.swift */ = {isa = PBXFileReference; lastKnownFileType = sourcecode.swift; name = main.swift; path = "../택배 배달과 수거하기/main.swift"; sourceTree = "<group>"; };
		ED05D1A329B5D7E800BA286C /* 이모티콘 할인행사 */ = {isa = PBXFileReference; explicitFileType = "compiled.mach-o.executable"; includeInIndex = 0; path = "이모티콘 할인행사"; sourceTree = BUILT_PRODUCTS_DIR; };
		ED05D1A529B5D7E800BA286C /* main.swift */ = {isa = PBXFileReference; lastKnownFileType = sourcecode.swift; name = main.swift; path = "../이모티콘 할인행사/main.swift"; sourceTree = "<group>"; };
		ED05D1B129B6E6A200BA286C /* 마법의 엘리베이터 */ = {isa = PBXFileReference; explicitFileType = "compiled.mach-o.executable"; includeInIndex = 0; path = "마법의 엘리베이터"; sourceTree = BUILT_PRODUCTS_DIR; };
		ED05D1B329B6E6A300BA286C /* main.swift */ = {isa = PBXFileReference; lastKnownFileType = sourcecode.swift; name = main.swift; path = "../마법의 엘리베이터/main.swift"; sourceTree = "<group>"; };
		ED1BE40A29B75CCE004FB8D6 /* 테이블 해시 함수 */ = {isa = PBXFileReference; explicitFileType = "compiled.mach-o.executable"; includeInIndex = 0; path = "테이블 해시 함수"; sourceTree = BUILT_PRODUCTS_DIR; };
		ED1BE40C29B75CCE004FB8D6 /* main.swift */ = {isa = PBXFileReference; lastKnownFileType = sourcecode.swift; name = main.swift; path = "../테이블 해시 함수/main.swift"; sourceTree = "<group>"; };
		ED1BE41529B76235004FB8D6 /* 숫자 카드 나누기 */ = {isa = PBXFileReference; explicitFileType = "compiled.mach-o.executable"; includeInIndex = 0; path = "숫자 카드 나누기"; sourceTree = BUILT_PRODUCTS_DIR; };
		ED1BE41729B76235004FB8D6 /* main.swift */ = {isa = PBXFileReference; lastKnownFileType = sourcecode.swift; name = main.swift; path = "../숫자 카드 나누기/main.swift"; sourceTree = "<group>"; };
		ED1BE42029B779FE004FB8D6 /* 우박수열 정적분 */ = {isa = PBXFileReference; explicitFileType = "compiled.mach-o.executable"; includeInIndex = 0; path = "우박수열 정적분"; sourceTree = BUILT_PRODUCTS_DIR; };
		ED1BE42229B779FF004FB8D6 /* main.swift */ = {isa = PBXFileReference; lastKnownFileType = sourcecode.swift; name = main.swift; path = "../우박수열 정적분/main.swift"; sourceTree = "<group>"; };
		ED3E327729BC14AA00B03E96 /* 롤케이크 자르기 */ = {isa = PBXFileReference; explicitFileType = "compiled.mach-o.executable"; includeInIndex = 0; path = "롤케이크 자르기"; sourceTree = BUILT_PRODUCTS_DIR; };
		ED3E327929BC14AA00B03E96 /* main.swift */ = {isa = PBXFileReference; lastKnownFileType = sourcecode.swift; name = main.swift; path = "../롤케이크 자르기/main.swift"; sourceTree = "<group>"; };
		ED3E328229BC54CF00B03E96 /* 택배상자 */ = {isa = PBXFileReference; explicitFileType = "compiled.mach-o.executable"; includeInIndex = 0; path = "택배상자"; sourceTree = BUILT_PRODUCTS_DIR; };
		ED3E328429BC54CF00B03E96 /* main.swift */ = {isa = PBXFileReference; lastKnownFileType = sourcecode.swift; name = main.swift; path = "../택배상자/main.swift"; sourceTree = "<group>"; };
		ED6BD48A29B703CE0051CD40 /* 유사 칸토어 비트열 */ = {isa = PBXFileReference; explicitFileType = "compiled.mach-o.executable"; includeInIndex = 0; path = "유사 칸토어 비트열"; sourceTree = BUILT_PRODUCTS_DIR; };
		ED6BD48C29B703CE0051CD40 /* main.swift */ = {isa = PBXFileReference; lastKnownFileType = sourcecode.swift; name = main.swift; path = "../유사 칸토어 비트열/main.swift"; sourceTree = "<group>"; };
		ED773F4229C1CF1700A0849D /* 연속 부분 수열 합의 개수 */ = {isa = PBXFileReference; explicitFileType = "compiled.mach-o.executable"; includeInIndex = 0; path = "연속 부분 수열 합의 개수"; sourceTree = BUILT_PRODUCTS_DIR; };
		ED773F4429C1CF1700A0849D /* main.swift */ = {isa = PBXFileReference; lastKnownFileType = sourcecode.swift; name = main.swift; path = "../연속 부분 수열 합의 개수/main.swift"; sourceTree = "<group>"; };
		EDA29A8D29C60C6D0097ECD7 /* 리코쳇 로봇 */ = {isa = PBXFileReference; explicitFileType = "compiled.mach-o.executable"; includeInIndex = 0; path = "리코쳇 로봇"; sourceTree = BUILT_PRODUCTS_DIR; };
		EDA29A8F29C60C6E0097ECD7 /* main.swift */ = {isa = PBXFileReference; lastKnownFileType = sourcecode.swift; name = main.swift; path = "../리코쳇 로봇/main.swift"; sourceTree = "<group>"; };
/* End PBXFileReference section */

/* Begin PBXFrameworksBuildPhase section */
		ED05D12D29B32C5A00BA286C /* Frameworks */ = {
			isa = PBXFrameworksBuildPhase;
			buildActionMask = 2147483647;
			files = (
			);
			runOnlyForDeploymentPostprocessing = 0;
		};
		ED05D13B29B32C9F00BA286C /* Frameworks */ = {
			isa = PBXFrameworksBuildPhase;
			buildActionMask = 2147483647;
			files = (
			);
			runOnlyForDeploymentPostprocessing = 0;
		};
		ED05D14629B3354300BA286C /* Frameworks */ = {
			isa = PBXFrameworksBuildPhase;
			buildActionMask = 2147483647;
			files = (
			);
			runOnlyForDeploymentPostprocessing = 0;
		};
		ED05D15329B4679D00BA286C /* Frameworks */ = {
			isa = PBXFrameworksBuildPhase;
			buildActionMask = 2147483647;
			files = (
			);
			runOnlyForDeploymentPostprocessing = 0;
		};
		ED05D15E29B48FEE00BA286C /* Frameworks */ = {
			isa = PBXFrameworksBuildPhase;
			buildActionMask = 2147483647;
			files = (
			);
			runOnlyForDeploymentPostprocessing = 0;
		};
		ED05D16929B4BB4100BA286C /* Frameworks */ = {
			isa = PBXFrameworksBuildPhase;
			buildActionMask = 2147483647;
			files = (
			);
			runOnlyForDeploymentPostprocessing = 0;
		};
		ED05D17429B4C87300BA286C /* Frameworks */ = {
			isa = PBXFrameworksBuildPhase;
			buildActionMask = 2147483647;
			files = (
			);
			runOnlyForDeploymentPostprocessing = 0;
		};
		ED05D17F29B4D08200BA286C /* Frameworks */ = {
			isa = PBXFrameworksBuildPhase;
			buildActionMask = 2147483647;
			files = (
			);
			runOnlyForDeploymentPostprocessing = 0;
		};
		ED05D18A29B506E100BA286C /* Frameworks */ = {
			isa = PBXFrameworksBuildPhase;
			buildActionMask = 2147483647;
			files = (
			);
			runOnlyForDeploymentPostprocessing = 0;
		};
		ED05D19529B5B4E100BA286C /* Frameworks */ = {
			isa = PBXFrameworksBuildPhase;
			buildActionMask = 2147483647;
			files = (
			);
			runOnlyForDeploymentPostprocessing = 0;
		};
		ED05D1A029B5D7E800BA286C /* Frameworks */ = {
			isa = PBXFrameworksBuildPhase;
			buildActionMask = 2147483647;
			files = (
			);
			runOnlyForDeploymentPostprocessing = 0;
		};
		ED05D1AE29B6E6A200BA286C /* Frameworks */ = {
			isa = PBXFrameworksBuildPhase;
			buildActionMask = 2147483647;
			files = (
			);
			runOnlyForDeploymentPostprocessing = 0;
		};
		ED1BE40729B75CCE004FB8D6 /* Frameworks */ = {
			isa = PBXFrameworksBuildPhase;
			buildActionMask = 2147483647;
			files = (
			);
			runOnlyForDeploymentPostprocessing = 0;
		};
		ED1BE41229B76235004FB8D6 /* Frameworks */ = {
			isa = PBXFrameworksBuildPhase;
			buildActionMask = 2147483647;
			files = (
			);
			runOnlyForDeploymentPostprocessing = 0;
		};
		ED1BE41D29B779FE004FB8D6 /* Frameworks */ = {
			isa = PBXFrameworksBuildPhase;
			buildActionMask = 2147483647;
			files = (
			);
			runOnlyForDeploymentPostprocessing = 0;
		};
		ED3E327429BC14A900B03E96 /* Frameworks */ = {
			isa = PBXFrameworksBuildPhase;
			buildActionMask = 2147483647;
			files = (
			);
			runOnlyForDeploymentPostprocessing = 0;
		};
		ED3E327F29BC54CF00B03E96 /* Frameworks */ = {
			isa = PBXFrameworksBuildPhase;
			buildActionMask = 2147483647;
			files = (
			);
			runOnlyForDeploymentPostprocessing = 0;
		};
		ED6BD48729B703CE0051CD40 /* Frameworks */ = {
			isa = PBXFrameworksBuildPhase;
			buildActionMask = 2147483647;
			files = (
			);
			runOnlyForDeploymentPostprocessing = 0;
		};
		ED773F3F29C1CF1700A0849D /* Frameworks */ = {
			isa = PBXFrameworksBuildPhase;
			buildActionMask = 2147483647;
			files = (
			);
			runOnlyForDeploymentPostprocessing = 0;
		};
		EDA29A8A29C60C6D0097ECD7 /* Frameworks */ = {
			isa = PBXFrameworksBuildPhase;
			buildActionMask = 2147483647;
			files = (
			);
			runOnlyForDeploymentPostprocessing = 0;
		};
/* End PBXFrameworksBuildPhase section */

/* Begin PBXGroup section */
		ED05D12729B32C5A00BA286C = {
			isa = PBXGroup;
			children = (
				ED05D13229B32C5A00BA286C /* programmers */,
				ED05D13F29B32C9F00BA286C /* 덧칠하기 */,
				ED05D14A29B3354300BA286C /* 혼자서 하는 틱택토 */,
				ED05D15729B4679D00BA286C /* 미로 탈출 */,
				ED05D16229B48FEE00BA286C /* 호텔 대실 */,
				ED05D16D29B4BB4100BA286C /* 무인도 여행 */,
				ED05D17829B4C87300BA286C /* 뒤에 있는 큰 수 찾기 */,
				ED05D18329B4D08200BA286C /* 숫자 변환하기 */,
				ED05D18E29B506E100BA286C /* 시소 짝꿍 */,
				ED05D19929B5B4E100BA286C /* 택배 배달과 수거하기 */,
				ED05D1A429B5D7E800BA286C /* 이모티콘 할인행사 */,
				ED05D1B229B6E6A300BA286C /* 마법의 엘리베이터 */,
				ED6BD48B29B703CE0051CD40 /* 유사 칸토어 비트열 */,
				ED1BE40B29B75CCE004FB8D6 /* 테이블 해시 함수 */,
				ED1BE41629B76235004FB8D6 /* 숫자 카드 나누기 */,
				ED1BE42129B779FF004FB8D6 /* 우박수열 정적분 */,
				ED3E327829BC14AA00B03E96 /* 롤케이크 자르기 */,
				ED3E328329BC54CF00B03E96 /* 택배상자 */,
				ED773F4329C1CF1700A0849D /* 연속 부분 수열 합의 개수 */,
				EDA29A8E29C60C6E0097ECD7 /* 리코쳇 로봇 */,
				ED05D13129B32C5A00BA286C /* Products */,
			);
			sourceTree = "<group>";
		};
		ED05D13129B32C5A00BA286C /* Products */ = {
			isa = PBXGroup;
			children = (
				ED05D13029B32C5A00BA286C /* programmers */,
				ED05D13E29B32C9F00BA286C /* 덧칠하기 */,
				ED05D14929B3354300BA286C /* 혼자서 하는 틱택토 */,
				ED05D15629B4679D00BA286C /* 미로 탈출 */,
				ED05D16129B48FEE00BA286C /* 호텔 대실 */,
				ED05D16C29B4BB4100BA286C /* 무인도 여행 */,
				ED05D17729B4C87300BA286C /* 뒤에 있는 큰 수 찾기 */,
				ED05D18229B4D08200BA286C /* 숫자 변환하기 */,
				ED05D18D29B506E100BA286C /* 시소 짝꿍 */,
				ED05D19829B5B4E100BA286C /* 택배 배달과 수거하기 */,
				ED05D1A329B5D7E800BA286C /* 이모티콘 할인행사 */,
				ED05D1B129B6E6A200BA286C /* 마법의 엘리베이터 */,
				ED6BD48A29B703CE0051CD40 /* 유사 칸토어 비트열 */,
				ED1BE40A29B75CCE004FB8D6 /* 테이블 해시 함수 */,
				ED1BE41529B76235004FB8D6 /* 숫자 카드 나누기 */,
				ED1BE42029B779FE004FB8D6 /* 우박수열 정적분 */,
				ED3E327729BC14AA00B03E96 /* 롤케이크 자르기 */,
				ED3E328229BC54CF00B03E96 /* 택배상자 */,
				ED773F4229C1CF1700A0849D /* 연속 부분 수열 합의 개수 */,
				EDA29A8D29C60C6D0097ECD7 /* 리코쳇 로봇 */,
			);
			name = Products;
			sourceTree = "<group>";
		};
		ED05D13229B32C5A00BA286C /* programmers */ = {
			isa = PBXGroup;
			children = (
				ED05D13329B32C5A00BA286C /* main.swift */,
			);
			path = programmers;
			sourceTree = "<group>";
		};
		ED05D13F29B32C9F00BA286C /* 덧칠하기 */ = {
			isa = PBXGroup;
			children = (
				ED05D14029B32C9F00BA286C /* main.swift */,
			);
			path = "덧칠하기";
			sourceTree = "<group>";
		};
		ED05D14A29B3354300BA286C /* 혼자서 하는 틱택토 */ = {
			isa = PBXGroup;
			children = (
				ED05D14B29B3354300BA286C /* main.swift */,
			);
			path = "혼자서 하는 틱택토";
			sourceTree = "<group>";
		};
		ED05D15729B4679D00BA286C /* 미로 탈출 */ = {
			isa = PBXGroup;
			children = (
				ED05D15829B4679D00BA286C /* main.swift */,
			);
			path = "미로 탈출";
			sourceTree = "<group>";
		};
		ED05D16229B48FEE00BA286C /* 호텔 대실 */ = {
			isa = PBXGroup;
			children = (
				ED05D16329B48FEE00BA286C /* main.swift */,
			);
			path = "호텔 대실";
			sourceTree = "<group>";
		};
		ED05D16D29B4BB4100BA286C /* 무인도 여행 */ = {
			isa = PBXGroup;
			children = (
				ED05D16E29B4BB4100BA286C /* main.swift */,
			);
			path = "무인도 여행";
			sourceTree = "<group>";
		};
		ED05D17829B4C87300BA286C /* 뒤에 있는 큰 수 찾기 */ = {
			isa = PBXGroup;
			children = (
				ED05D17929B4C87300BA286C /* main.swift */,
			);
			path = "뒤에 있는 큰 수 찾기";
			sourceTree = "<group>";
		};
		ED05D18329B4D08200BA286C /* 숫자 변환하기 */ = {
			isa = PBXGroup;
			children = (
				ED05D18429B4D08200BA286C /* main.swift */,
			);
			path = "숫자 변환하기";
			sourceTree = "<group>";
		};
		ED05D18E29B506E100BA286C /* 시소 짝꿍 */ = {
			isa = PBXGroup;
			children = (
				ED05D18F29B506E100BA286C /* main.swift */,
			);
			path = "시소 짝꿍";
			sourceTree = "<group>";
		};
		ED05D19929B5B4E100BA286C /* 택배 배달과 수거하기 */ = {
			isa = PBXGroup;
			children = (
				ED05D19A29B5B4E100BA286C /* main.swift */,
			);
			path = "택배 배달과 수거하기";
			sourceTree = "<group>";
		};
		ED05D1A429B5D7E800BA286C /* 이모티콘 할인행사 */ = {
			isa = PBXGroup;
			children = (
				ED05D1A529B5D7E800BA286C /* main.swift */,
			);
			path = "이모티콘 할인행사";
			sourceTree = "<group>";
		};
		ED05D1B229B6E6A300BA286C /* 마법의 엘리베이터 */ = {
			isa = PBXGroup;
			children = (
				ED05D1B329B6E6A300BA286C /* main.swift */,
			);
			path = "마법의 엘리베이터";
			sourceTree = "<group>";
		};
		ED1BE40B29B75CCE004FB8D6 /* 테이블 해시 함수 */ = {
			isa = PBXGroup;
			children = (
				ED1BE40C29B75CCE004FB8D6 /* main.swift */,
			);
			path = "테이블 해시 함수";
			sourceTree = "<group>";
		};
		ED1BE41629B76235004FB8D6 /* 숫자 카드 나누기 */ = {
			isa = PBXGroup;
			children = (
				ED1BE41729B76235004FB8D6 /* main.swift */,
			);
			path = "숫자 카드 나누기";
			sourceTree = "<group>";
		};
		ED1BE42129B779FF004FB8D6 /* 우박수열 정적분 */ = {
			isa = PBXGroup;
			children = (
				ED1BE42229B779FF004FB8D6 /* main.swift */,
			);
			path = "우박수열 정적분";
			sourceTree = "<group>";
		};
		ED3E327829BC14AA00B03E96 /* 롤케이크 자르기 */ = {
			isa = PBXGroup;
			children = (
				ED3E327929BC14AA00B03E96 /* main.swift */,
			);
			path = "롤케이크 자르기";
			sourceTree = "<group>";
		};
		ED3E328329BC54CF00B03E96 /* 택배상자 */ = {
			isa = PBXGroup;
			children = (
				ED3E328429BC54CF00B03E96 /* main.swift */,
			);
			path = "택배상자";
			sourceTree = "<group>";
		};
		ED6BD48B29B703CE0051CD40 /* 유사 칸토어 비트열 */ = {
			isa = PBXGroup;
			children = (
				ED6BD48C29B703CE0051CD40 /* main.swift */,
			);
			path = "유사 칸토어 비트열";
			sourceTree = "<group>";
		};
		ED773F4329C1CF1700A0849D /* 연속 부분 수열 합의 개수 */ = {
			isa = PBXGroup;
			children = (
				ED773F4429C1CF1700A0849D /* main.swift */,
			);
			path = "연속 부분 수열 합의 개수";
			sourceTree = "<group>";
		};
		EDA29A8E29C60C6E0097ECD7 /* 리코쳇 로봇 */ = {
			isa = PBXGroup;
			children = (
				EDA29A8F29C60C6E0097ECD7 /* main.swift */,
			);
			path = "리코쳇 로봇";
			sourceTree = "<group>";
		};
/* End PBXGroup section */

/* Begin PBXNativeTarget section */
		ED05D12F29B32C5A00BA286C /* programmers */ = {
			isa = PBXNativeTarget;
			buildConfigurationList = ED05D13729B32C5A00BA286C /* Build configuration list for PBXNativeTarget "programmers" */;
			buildPhases = (
				ED05D12C29B32C5A00BA286C /* Sources */,
				ED05D12D29B32C5A00BA286C /* Frameworks */,
				ED05D12E29B32C5A00BA286C /* CopyFiles */,
			);
			buildRules = (
			);
			dependencies = (
			);
			name = programmers;
			productName = programmers;
			productReference = ED05D13029B32C5A00BA286C /* programmers */;
			productType = "com.apple.product-type.tool";
		};
		ED05D13D29B32C9F00BA286C /* 덧칠하기 */ = {
			isa = PBXNativeTarget;
			buildConfigurationList = ED05D14229B32C9F00BA286C /* Build configuration list for PBXNativeTarget "덧칠하기" */;
			buildPhases = (
				ED05D13A29B32C9F00BA286C /* Sources */,
				ED05D13B29B32C9F00BA286C /* Frameworks */,
				ED05D13C29B32C9F00BA286C /* CopyFiles */,
			);
			buildRules = (
			);
			dependencies = (
			);
			name = "덧칠하기";
			productName = "덧칠하기";
			productReference = ED05D13E29B32C9F00BA286C /* 덧칠하기 */;
			productType = "com.apple.product-type.tool";
		};
		ED05D14829B3354300BA286C /* 혼자서 하는 틱택토 */ = {
			isa = PBXNativeTarget;
			buildConfigurationList = ED05D14D29B3354300BA286C /* Build configuration list for PBXNativeTarget "혼자서 하는 틱택토" */;
			buildPhases = (
				ED05D14529B3354300BA286C /* Sources */,
				ED05D14629B3354300BA286C /* Frameworks */,
				ED05D14729B3354300BA286C /* CopyFiles */,
			);
			buildRules = (
			);
			dependencies = (
			);
			name = "혼자서 하는 틱택토";
			productName = "혼자서 하는 틱택토";
			productReference = ED05D14929B3354300BA286C /* 혼자서 하는 틱택토 */;
			productType = "com.apple.product-type.tool";
		};
		ED05D15529B4679D00BA286C /* 미로 탈출 */ = {
			isa = PBXNativeTarget;
			buildConfigurationList = ED05D15A29B4679D00BA286C /* Build configuration list for PBXNativeTarget "미로 탈출" */;
			buildPhases = (
				ED05D15229B4679D00BA286C /* Sources */,
				ED05D15329B4679D00BA286C /* Frameworks */,
				ED05D15429B4679D00BA286C /* CopyFiles */,
			);
			buildRules = (
			);
			dependencies = (
			);
			name = "미로 탈출";
			productName = "미로 탈출";
			productReference = ED05D15629B4679D00BA286C /* 미로 탈출 */;
			productType = "com.apple.product-type.tool";
		};
		ED05D16029B48FEE00BA286C /* 호텔 대실 */ = {
			isa = PBXNativeTarget;
			buildConfigurationList = ED05D16529B48FEE00BA286C /* Build configuration list for PBXNativeTarget "호텔 대실" */;
			buildPhases = (
				ED05D15D29B48FEE00BA286C /* Sources */,
				ED05D15E29B48FEE00BA286C /* Frameworks */,
				ED05D15F29B48FEE00BA286C /* CopyFiles */,
			);
			buildRules = (
			);
			dependencies = (
			);
			name = "호텔 대실";
			productName = "호텔 대실";
			productReference = ED05D16129B48FEE00BA286C /* 호텔 대실 */;
			productType = "com.apple.product-type.tool";
		};
		ED05D16B29B4BB4100BA286C /* 무인도 여행 */ = {
			isa = PBXNativeTarget;
			buildConfigurationList = ED05D17029B4BB4100BA286C /* Build configuration list for PBXNativeTarget "무인도 여행" */;
			buildPhases = (
				ED05D16829B4BB4100BA286C /* Sources */,
				ED05D16929B4BB4100BA286C /* Frameworks */,
				ED05D16A29B4BB4100BA286C /* CopyFiles */,
			);
			buildRules = (
			);
			dependencies = (
			);
			name = "무인도 여행";
			productName = "무인도 여행";
			productReference = ED05D16C29B4BB4100BA286C /* 무인도 여행 */;
			productType = "com.apple.product-type.tool";
		};
		ED05D17629B4C87300BA286C /* 뒤에 있는 큰 수 찾기 */ = {
			isa = PBXNativeTarget;
			buildConfigurationList = ED05D17B29B4C87300BA286C /* Build configuration list for PBXNativeTarget "뒤에 있는 큰 수 찾기" */;
			buildPhases = (
				ED05D17329B4C87300BA286C /* Sources */,
				ED05D17429B4C87300BA286C /* Frameworks */,
				ED05D17529B4C87300BA286C /* CopyFiles */,
			);
			buildRules = (
			);
			dependencies = (
			);
			name = "뒤에 있는 큰 수 찾기";
			productName = "뒤에 있는 큰 수 찾기";
			productReference = ED05D17729B4C87300BA286C /* 뒤에 있는 큰 수 찾기 */;
			productType = "com.apple.product-type.tool";
		};
		ED05D18129B4D08200BA286C /* 숫자 변환하기 */ = {
			isa = PBXNativeTarget;
			buildConfigurationList = ED05D18629B4D08200BA286C /* Build configuration list for PBXNativeTarget "숫자 변환하기" */;
			buildPhases = (
				ED05D17E29B4D08200BA286C /* Sources */,
				ED05D17F29B4D08200BA286C /* Frameworks */,
				ED05D18029B4D08200BA286C /* CopyFiles */,
			);
			buildRules = (
			);
			dependencies = (
			);
			name = "숫자 변환하기";
			productName = "숫자 변환하기";
			productReference = ED05D18229B4D08200BA286C /* 숫자 변환하기 */;
			productType = "com.apple.product-type.tool";
		};
		ED05D18C29B506E100BA286C /* 시소 짝꿍 */ = {
			isa = PBXNativeTarget;
			buildConfigurationList = ED05D19129B506E100BA286C /* Build configuration list for PBXNativeTarget "시소 짝꿍" */;
			buildPhases = (
				ED05D18929B506E100BA286C /* Sources */,
				ED05D18A29B506E100BA286C /* Frameworks */,
				ED05D18B29B506E100BA286C /* CopyFiles */,
			);
			buildRules = (
			);
			dependencies = (
			);
			name = "시소 짝꿍";
			productName = "시소 짝꿍";
			productReference = ED05D18D29B506E100BA286C /* 시소 짝꿍 */;
			productType = "com.apple.product-type.tool";
		};
		ED05D19729B5B4E100BA286C /* 택배 배달과 수거하기 */ = {
			isa = PBXNativeTarget;
			buildConfigurationList = ED05D19C29B5B4E100BA286C /* Build configuration list for PBXNativeTarget "택배 배달과 수거하기" */;
			buildPhases = (
				ED05D19429B5B4E100BA286C /* Sources */,
				ED05D19529B5B4E100BA286C /* Frameworks */,
				ED05D19629B5B4E100BA286C /* CopyFiles */,
			);
			buildRules = (
			);
			dependencies = (
			);
			name = "택배 배달과 수거하기";
			productName = "택배 배달과 수거하기";
			productReference = ED05D19829B5B4E100BA286C /* 택배 배달과 수거하기 */;
			productType = "com.apple.product-type.tool";
		};
		ED05D1A229B5D7E800BA286C /* 이모티콘 할인행사 */ = {
			isa = PBXNativeTarget;
			buildConfigurationList = ED05D1A729B5D7E800BA286C /* Build configuration list for PBXNativeTarget "이모티콘 할인행사" */;
			buildPhases = (
				ED05D19F29B5D7E800BA286C /* Sources */,
				ED05D1A029B5D7E800BA286C /* Frameworks */,
				ED05D1A129B5D7E800BA286C /* CopyFiles */,
			);
			buildRules = (
			);
			dependencies = (
			);
			name = "이모티콘 할인행사";
			productName = "이모티콘 할인행사";
			productReference = ED05D1A329B5D7E800BA286C /* 이모티콘 할인행사 */;
			productType = "com.apple.product-type.tool";
		};
		ED05D1B029B6E6A200BA286C /* 마법의 엘리베이터 */ = {
			isa = PBXNativeTarget;
			buildConfigurationList = ED05D1B529B6E6A300BA286C /* Build configuration list for PBXNativeTarget "마법의 엘리베이터" */;
			buildPhases = (
				ED05D1AD29B6E6A200BA286C /* Sources */,
				ED05D1AE29B6E6A200BA286C /* Frameworks */,
				ED05D1AF29B6E6A200BA286C /* CopyFiles */,
			);
			buildRules = (
			);
			dependencies = (
			);
			name = "마법의 엘리베이터";
			productName = "마법의 엘리베이터";
			productReference = ED05D1B129B6E6A200BA286C /* 마법의 엘리베이터 */;
			productType = "com.apple.product-type.tool";
		};
		ED1BE40929B75CCE004FB8D6 /* 테이블 해시 함수 */ = {
			isa = PBXNativeTarget;
			buildConfigurationList = ED1BE41029B75CCE004FB8D6 /* Build configuration list for PBXNativeTarget "테이블 해시 함수" */;
			buildPhases = (
				ED1BE40629B75CCE004FB8D6 /* Sources */,
				ED1BE40729B75CCE004FB8D6 /* Frameworks */,
				ED1BE40829B75CCE004FB8D6 /* CopyFiles */,
			);
			buildRules = (
			);
			dependencies = (
			);
			name = "테이블 해시 함수";
			productName = "테이블 해시 함수";
			productReference = ED1BE40A29B75CCE004FB8D6 /* 테이블 해시 함수 */;
			productType = "com.apple.product-type.tool";
		};
		ED1BE41429B76235004FB8D6 /* 숫자 카드 나누기 */ = {
			isa = PBXNativeTarget;
			buildConfigurationList = ED1BE41929B76235004FB8D6 /* Build configuration list for PBXNativeTarget "숫자 카드 나누기" */;
			buildPhases = (
				ED1BE41129B76235004FB8D6 /* Sources */,
				ED1BE41229B76235004FB8D6 /* Frameworks */,
				ED1BE41329B76235004FB8D6 /* CopyFiles */,
			);
			buildRules = (
			);
			dependencies = (
			);
			name = "숫자 카드 나누기";
			productName = "숫자 카드 나누기";
			productReference = ED1BE41529B76235004FB8D6 /* 숫자 카드 나누기 */;
			productType = "com.apple.product-type.tool";
		};
		ED1BE41F29B779FE004FB8D6 /* 우박수열 정적분 */ = {
			isa = PBXNativeTarget;
			buildConfigurationList = ED1BE42429B779FF004FB8D6 /* Build configuration list for PBXNativeTarget "우박수열 정적분" */;
			buildPhases = (
				ED1BE41C29B779FE004FB8D6 /* Sources */,
				ED1BE41D29B779FE004FB8D6 /* Frameworks */,
				ED1BE41E29B779FE004FB8D6 /* CopyFiles */,
			);
			buildRules = (
			);
			dependencies = (
			);
			name = "우박수열 정적분";
			productName = "우박수열 정적분";
			productReference = ED1BE42029B779FE004FB8D6 /* 우박수열 정적분 */;
			productType = "com.apple.product-type.tool";
		};
		ED3E327629BC14A900B03E96 /* 롤케이크 자르기 */ = {
			isa = PBXNativeTarget;
			buildConfigurationList = ED3E327B29BC14AA00B03E96 /* Build configuration list for PBXNativeTarget "롤케이크 자르기" */;
			buildPhases = (
				ED3E327329BC14A900B03E96 /* Sources */,
				ED3E327429BC14A900B03E96 /* Frameworks */,
				ED3E327529BC14A900B03E96 /* CopyFiles */,
			);
			buildRules = (
			);
			dependencies = (
			);
			name = "롤케이크 자르기";
			productName = "롤케이크 자르기";
			productReference = ED3E327729BC14AA00B03E96 /* 롤케이크 자르기 */;
			productType = "com.apple.product-type.tool";
		};
		ED3E328129BC54CF00B03E96 /* 택배상자 */ = {
			isa = PBXNativeTarget;
			buildConfigurationList = ED3E328629BC54CF00B03E96 /* Build configuration list for PBXNativeTarget "택배상자" */;
			buildPhases = (
				ED3E327E29BC54CF00B03E96 /* Sources */,
				ED3E327F29BC54CF00B03E96 /* Frameworks */,
				ED3E328029BC54CF00B03E96 /* CopyFiles */,
			);
			buildRules = (
			);
			dependencies = (
			);
			name = "택배상자";
			productName = "택배상자";
			productReference = ED3E328229BC54CF00B03E96 /* 택배상자 */;
			productType = "com.apple.product-type.tool";
		};
		ED6BD48929B703CE0051CD40 /* 유사 칸토어 비트열 */ = {
			isa = PBXNativeTarget;
			buildConfigurationList = ED6BD49029B703CE0051CD40 /* Build configuration list for PBXNativeTarget "유사 칸토어 비트열" */;
			buildPhases = (
				ED6BD48629B703CE0051CD40 /* Sources */,
				ED6BD48729B703CE0051CD40 /* Frameworks */,
				ED6BD48829B703CE0051CD40 /* CopyFiles */,
			);
			buildRules = (
			);
			dependencies = (
			);
			name = "유사 칸토어 비트열";
			productName = "유사 칸토어 비트열";
			productReference = ED6BD48A29B703CE0051CD40 /* 유사 칸토어 비트열 */;
			productType = "com.apple.product-type.tool";
		};
		ED773F4129C1CF1700A0849D /* 연속 부분 수열 합의 개수 */ = {
			isa = PBXNativeTarget;
			buildConfigurationList = ED773F4829C1CF1700A0849D /* Build configuration list for PBXNativeTarget "연속 부분 수열 합의 개수" */;
			buildPhases = (
				ED773F3E29C1CF1700A0849D /* Sources */,
				ED773F3F29C1CF1700A0849D /* Frameworks */,
				ED773F4029C1CF1700A0849D /* CopyFiles */,
			);
			buildRules = (
			);
			dependencies = (
			);
			name = "연속 부분 수열 합의 개수";
			productName = "연속 부분 수열 합의 개수";
			productReference = ED773F4229C1CF1700A0849D /* 연속 부분 수열 합의 개수 */;
			productType = "com.apple.product-type.tool";
		};
		EDA29A8C29C60C6D0097ECD7 /* 리코쳇 로봇 */ = {
			isa = PBXNativeTarget;
			buildConfigurationList = EDA29A9329C60C6E0097ECD7 /* Build configuration list for PBXNativeTarget "리코쳇 로봇" */;
			buildPhases = (
				EDA29A8929C60C6D0097ECD7 /* Sources */,
				EDA29A8A29C60C6D0097ECD7 /* Frameworks */,
				EDA29A8B29C60C6D0097ECD7 /* CopyFiles */,
			);
			buildRules = (
			);
			dependencies = (
			);
			name = "리코쳇 로봇";
			productName = "리코쳇 로봇";
			productReference = EDA29A8D29C60C6D0097ECD7 /* 리코쳇 로봇 */;
			productType = "com.apple.product-type.tool";
		};
/* End PBXNativeTarget section */

/* Begin PBXProject section */
		ED05D12829B32C5A00BA286C /* Project object */ = {
			isa = PBXProject;
			attributes = {
				BuildIndependentTargetsInParallel = 1;
				LastSwiftUpdateCheck = 1420;
				LastUpgradeCheck = 1420;
				TargetAttributes = {
					ED05D12F29B32C5A00BA286C = {
						CreatedOnToolsVersion = 14.2;
					};
					ED05D13D29B32C9F00BA286C = {
						CreatedOnToolsVersion = 14.2;
					};
					ED05D14829B3354300BA286C = {
						CreatedOnToolsVersion = 14.2;
					};
					ED05D15529B4679D00BA286C = {
						CreatedOnToolsVersion = 14.2;
					};
					ED05D16029B48FEE00BA286C = {
						CreatedOnToolsVersion = 14.2;
					};
					ED05D16B29B4BB4100BA286C = {
						CreatedOnToolsVersion = 14.2;
					};
					ED05D17629B4C87300BA286C = {
						CreatedOnToolsVersion = 14.2;
					};
					ED05D18129B4D08200BA286C = {
						CreatedOnToolsVersion = 14.2;
					};
					ED05D18C29B506E100BA286C = {
						CreatedOnToolsVersion = 14.2;
					};
					ED05D19729B5B4E100BA286C = {
						CreatedOnToolsVersion = 14.2;
					};
					ED05D1A229B5D7E800BA286C = {
						CreatedOnToolsVersion = 14.2;
					};
					ED05D1B029B6E6A200BA286C = {
						CreatedOnToolsVersion = 14.2;
					};
					ED1BE40929B75CCE004FB8D6 = {
						CreatedOnToolsVersion = 14.2;
					};
					ED1BE41429B76235004FB8D6 = {
						CreatedOnToolsVersion = 14.2;
					};
					ED1BE41F29B779FE004FB8D6 = {
						CreatedOnToolsVersion = 14.2;
					};
					ED3E327629BC14A900B03E96 = {
						CreatedOnToolsVersion = 14.2;
					};
					ED3E328129BC54CF00B03E96 = {
						CreatedOnToolsVersion = 14.2;
					};
					ED6BD48929B703CE0051CD40 = {
						CreatedOnToolsVersion = 14.2;
					};
					ED773F4129C1CF1700A0849D = {
						CreatedOnToolsVersion = 14.2;
					};
					EDA29A8C29C60C6D0097ECD7 = {
						CreatedOnToolsVersion = 14.2;
					};
				};
			};
			buildConfigurationList = ED05D12B29B32C5A00BA286C /* Build configuration list for PBXProject "programmers" */;
			compatibilityVersion = "Xcode 14.0";
			developmentRegion = en;
			hasScannedForEncodings = 0;
			knownRegions = (
				en,
				Base,
			);
			mainGroup = ED05D12729B32C5A00BA286C;
			productRefGroup = ED05D13129B32C5A00BA286C /* Products */;
			projectDirPath = "";
			projectRoot = "";
			targets = (
				ED05D12F29B32C5A00BA286C /* programmers */,
				ED05D13D29B32C9F00BA286C /* 덧칠하기 */,
				ED05D14829B3354300BA286C /* 혼자서 하는 틱택토 */,
				ED05D15529B4679D00BA286C /* 미로 탈출 */,
				ED05D16029B48FEE00BA286C /* 호텔 대실 */,
				ED05D16B29B4BB4100BA286C /* 무인도 여행 */,
				ED05D17629B4C87300BA286C /* 뒤에 있는 큰 수 찾기 */,
				ED05D18129B4D08200BA286C /* 숫자 변환하기 */,
				ED05D18C29B506E100BA286C /* 시소 짝꿍 */,
				ED05D19729B5B4E100BA286C /* 택배 배달과 수거하기 */,
				ED05D1A229B5D7E800BA286C /* 이모티콘 할인행사 */,
				ED05D1B029B6E6A200BA286C /* 마법의 엘리베이터 */,
				ED6BD48929B703CE0051CD40 /* 유사 칸토어 비트열 */,
				ED1BE40929B75CCE004FB8D6 /* 테이블 해시 함수 */,
				ED1BE41429B76235004FB8D6 /* 숫자 카드 나누기 */,
				ED1BE41F29B779FE004FB8D6 /* 우박수열 정적분 */,
				ED3E327629BC14A900B03E96 /* 롤케이크 자르기 */,
				ED3E328129BC54CF00B03E96 /* 택배상자 */,
				ED773F4129C1CF1700A0849D /* 연속 부분 수열 합의 개수 */,
				EDA29A8C29C60C6D0097ECD7 /* 리코쳇 로봇 */,
			);
		};
/* End PBXProject section */

/* Begin PBXSourcesBuildPhase section */
		ED05D12C29B32C5A00BA286C /* Sources */ = {
			isa = PBXSourcesBuildPhase;
			buildActionMask = 2147483647;
			files = (
				ED05D13429B32C5A00BA286C /* main.swift in Sources */,
			);
			runOnlyForDeploymentPostprocessing = 0;
		};
		ED05D13A29B32C9F00BA286C /* Sources */ = {
			isa = PBXSourcesBuildPhase;
			buildActionMask = 2147483647;
			files = (
				ED05D14129B32C9F00BA286C /* main.swift in Sources */,
			);
			runOnlyForDeploymentPostprocessing = 0;
		};
		ED05D14529B3354300BA286C /* Sources */ = {
			isa = PBXSourcesBuildPhase;
			buildActionMask = 2147483647;
			files = (
				ED05D14C29B3354300BA286C /* main.swift in Sources */,
			);
			runOnlyForDeploymentPostprocessing = 0;
		};
		ED05D15229B4679D00BA286C /* Sources */ = {
			isa = PBXSourcesBuildPhase;
			buildActionMask = 2147483647;
			files = (
				ED05D15929B4679D00BA286C /* main.swift in Sources */,
			);
			runOnlyForDeploymentPostprocessing = 0;
		};
		ED05D15D29B48FEE00BA286C /* Sources */ = {
			isa = PBXSourcesBuildPhase;
			buildActionMask = 2147483647;
			files = (
				ED05D16429B48FEE00BA286C /* main.swift in Sources */,
			);
			runOnlyForDeploymentPostprocessing = 0;
		};
		ED05D16829B4BB4100BA286C /* Sources */ = {
			isa = PBXSourcesBuildPhase;
			buildActionMask = 2147483647;
			files = (
				ED05D16F29B4BB4100BA286C /* main.swift in Sources */,
			);
			runOnlyForDeploymentPostprocessing = 0;
		};
		ED05D17329B4C87300BA286C /* Sources */ = {
			isa = PBXSourcesBuildPhase;
			buildActionMask = 2147483647;
			files = (
				ED05D17A29B4C87300BA286C /* main.swift in Sources */,
			);
			runOnlyForDeploymentPostprocessing = 0;
		};
		ED05D17E29B4D08200BA286C /* Sources */ = {
			isa = PBXSourcesBuildPhase;
			buildActionMask = 2147483647;
			files = (
				ED05D18529B4D08200BA286C /* main.swift in Sources */,
			);
			runOnlyForDeploymentPostprocessing = 0;
		};
		ED05D18929B506E100BA286C /* Sources */ = {
			isa = PBXSourcesBuildPhase;
			buildActionMask = 2147483647;
			files = (
				ED05D19029B506E100BA286C /* main.swift in Sources */,
			);
			runOnlyForDeploymentPostprocessing = 0;
		};
		ED05D19429B5B4E100BA286C /* Sources */ = {
			isa = PBXSourcesBuildPhase;
			buildActionMask = 2147483647;
			files = (
				ED05D19B29B5B4E100BA286C /* main.swift in Sources */,
			);
			runOnlyForDeploymentPostprocessing = 0;
		};
		ED05D19F29B5D7E800BA286C /* Sources */ = {
			isa = PBXSourcesBuildPhase;
			buildActionMask = 2147483647;
			files = (
				ED05D1A629B5D7E800BA286C /* main.swift in Sources */,
			);
			runOnlyForDeploymentPostprocessing = 0;
		};
		ED05D1AD29B6E6A200BA286C /* Sources */ = {
			isa = PBXSourcesBuildPhase;
			buildActionMask = 2147483647;
			files = (
				ED05D1B429B6E6A300BA286C /* main.swift in Sources */,
			);
			runOnlyForDeploymentPostprocessing = 0;
		};
		ED1BE40629B75CCE004FB8D6 /* Sources */ = {
			isa = PBXSourcesBuildPhase;
			buildActionMask = 2147483647;
			files = (
				ED1BE40D29B75CCE004FB8D6 /* main.swift in Sources */,
			);
			runOnlyForDeploymentPostprocessing = 0;
		};
		ED1BE41129B76235004FB8D6 /* Sources */ = {
			isa = PBXSourcesBuildPhase;
			buildActionMask = 2147483647;
			files = (
				ED1BE41829B76235004FB8D6 /* main.swift in Sources */,
			);
			runOnlyForDeploymentPostprocessing = 0;
		};
		ED1BE41C29B779FE004FB8D6 /* Sources */ = {
			isa = PBXSourcesBuildPhase;
			buildActionMask = 2147483647;
			files = (
				ED1BE42329B779FF004FB8D6 /* main.swift in Sources */,
			);
			runOnlyForDeploymentPostprocessing = 0;
		};
		ED3E327329BC14A900B03E96 /* Sources */ = {
			isa = PBXSourcesBuildPhase;
			buildActionMask = 2147483647;
			files = (
				ED3E327A29BC14AA00B03E96 /* main.swift in Sources */,
			);
			runOnlyForDeploymentPostprocessing = 0;
		};
		ED3E327E29BC54CF00B03E96 /* Sources */ = {
			isa = PBXSourcesBuildPhase;
			buildActionMask = 2147483647;
			files = (
				ED3E328529BC54CF00B03E96 /* main.swift in Sources */,
			);
			runOnlyForDeploymentPostprocessing = 0;
		};
		ED6BD48629B703CE0051CD40 /* Sources */ = {
			isa = PBXSourcesBuildPhase;
			buildActionMask = 2147483647;
			files = (
				ED6BD48D29B703CE0051CD40 /* main.swift in Sources */,
			);
			runOnlyForDeploymentPostprocessing = 0;
		};
		ED773F3E29C1CF1700A0849D /* Sources */ = {
			isa = PBXSourcesBuildPhase;
			buildActionMask = 2147483647;
			files = (
				ED773F4529C1CF1700A0849D /* main.swift in Sources */,
			);
			runOnlyForDeploymentPostprocessing = 0;
		};
		EDA29A8929C60C6D0097ECD7 /* Sources */ = {
			isa = PBXSourcesBuildPhase;
			buildActionMask = 2147483647;
			files = (
				EDA29A9029C60C6E0097ECD7 /* main.swift in Sources */,
			);
			runOnlyForDeploymentPostprocessing = 0;
		};
/* End PBXSourcesBuildPhase section */

/* Begin XCBuildConfiguration section */
		ED05D13529B32C5A00BA286C /* Debug */ = {
			isa = XCBuildConfiguration;
			buildSettings = {
				ALWAYS_SEARCH_USER_PATHS = NO;
				CLANG_ANALYZER_NONNULL = YES;
				CLANG_ANALYZER_NUMBER_OBJECT_CONVERSION = YES_AGGRESSIVE;
				CLANG_CXX_LANGUAGE_STANDARD = "gnu++20";
				CLANG_ENABLE_MODULES = YES;
				CLANG_ENABLE_OBJC_ARC = YES;
				CLANG_ENABLE_OBJC_WEAK = YES;
				CLANG_WARN_BLOCK_CAPTURE_AUTORELEASING = YES;
				CLANG_WARN_BOOL_CONVERSION = YES;
				CLANG_WARN_COMMA = YES;
				CLANG_WARN_CONSTANT_CONVERSION = YES;
				CLANG_WARN_DEPRECATED_OBJC_IMPLEMENTATIONS = YES;
				CLANG_WARN_DIRECT_OBJC_ISA_USAGE = YES_ERROR;
				CLANG_WARN_DOCUMENTATION_COMMENTS = YES;
				CLANG_WARN_EMPTY_BODY = YES;
				CLANG_WARN_ENUM_CONVERSION = YES;
				CLANG_WARN_INFINITE_RECURSION = YES;
				CLANG_WARN_INT_CONVERSION = YES;
				CLANG_WARN_NON_LITERAL_NULL_CONVERSION = YES;
				CLANG_WARN_OBJC_IMPLICIT_RETAIN_SELF = YES;
				CLANG_WARN_OBJC_LITERAL_CONVERSION = YES;
				CLANG_WARN_OBJC_ROOT_CLASS = YES_ERROR;
				CLANG_WARN_QUOTED_INCLUDE_IN_FRAMEWORK_HEADER = YES;
				CLANG_WARN_RANGE_LOOP_ANALYSIS = YES;
				CLANG_WARN_STRICT_PROTOTYPES = YES;
				CLANG_WARN_SUSPICIOUS_MOVE = YES;
				CLANG_WARN_UNGUARDED_AVAILABILITY = YES_AGGRESSIVE;
				CLANG_WARN_UNREACHABLE_CODE = YES;
				CLANG_WARN__DUPLICATE_METHOD_MATCH = YES;
				COPY_PHASE_STRIP = NO;
				DEBUG_INFORMATION_FORMAT = dwarf;
				ENABLE_STRICT_OBJC_MSGSEND = YES;
				ENABLE_TESTABILITY = YES;
				GCC_C_LANGUAGE_STANDARD = gnu11;
				GCC_DYNAMIC_NO_PIC = NO;
				GCC_NO_COMMON_BLOCKS = YES;
				GCC_OPTIMIZATION_LEVEL = 0;
				GCC_PREPROCESSOR_DEFINITIONS = (
					"DEBUG=1",
					"$(inherited)",
				);
				GCC_WARN_64_TO_32_BIT_CONVERSION = YES;
				GCC_WARN_ABOUT_RETURN_TYPE = YES_ERROR;
				GCC_WARN_UNDECLARED_SELECTOR = YES;
				GCC_WARN_UNINITIALIZED_AUTOS = YES_AGGRESSIVE;
				GCC_WARN_UNUSED_FUNCTION = YES;
				GCC_WARN_UNUSED_VARIABLE = YES;
				MACOSX_DEPLOYMENT_TARGET = 13.1;
				MTL_ENABLE_DEBUG_INFO = INCLUDE_SOURCE;
				MTL_FAST_MATH = YES;
				ONLY_ACTIVE_ARCH = YES;
				SDKROOT = macosx;
				SWIFT_ACTIVE_COMPILATION_CONDITIONS = DEBUG;
				SWIFT_OPTIMIZATION_LEVEL = "-Onone";
			};
			name = Debug;
		};
		ED05D13629B32C5A00BA286C /* Release */ = {
			isa = XCBuildConfiguration;
			buildSettings = {
				ALWAYS_SEARCH_USER_PATHS = NO;
				CLANG_ANALYZER_NONNULL = YES;
				CLANG_ANALYZER_NUMBER_OBJECT_CONVERSION = YES_AGGRESSIVE;
				CLANG_CXX_LANGUAGE_STANDARD = "gnu++20";
				CLANG_ENABLE_MODULES = YES;
				CLANG_ENABLE_OBJC_ARC = YES;
				CLANG_ENABLE_OBJC_WEAK = YES;
				CLANG_WARN_BLOCK_CAPTURE_AUTORELEASING = YES;
				CLANG_WARN_BOOL_CONVERSION = YES;
				CLANG_WARN_COMMA = YES;
				CLANG_WARN_CONSTANT_CONVERSION = YES;
				CLANG_WARN_DEPRECATED_OBJC_IMPLEMENTATIONS = YES;
				CLANG_WARN_DIRECT_OBJC_ISA_USAGE = YES_ERROR;
				CLANG_WARN_DOCUMENTATION_COMMENTS = YES;
				CLANG_WARN_EMPTY_BODY = YES;
				CLANG_WARN_ENUM_CONVERSION = YES;
				CLANG_WARN_INFINITE_RECURSION = YES;
				CLANG_WARN_INT_CONVERSION = YES;
				CLANG_WARN_NON_LITERAL_NULL_CONVERSION = YES;
				CLANG_WARN_OBJC_IMPLICIT_RETAIN_SELF = YES;
				CLANG_WARN_OBJC_LITERAL_CONVERSION = YES;
				CLANG_WARN_OBJC_ROOT_CLASS = YES_ERROR;
				CLANG_WARN_QUOTED_INCLUDE_IN_FRAMEWORK_HEADER = YES;
				CLANG_WARN_RANGE_LOOP_ANALYSIS = YES;
				CLANG_WARN_STRICT_PROTOTYPES = YES;
				CLANG_WARN_SUSPICIOUS_MOVE = YES;
				CLANG_WARN_UNGUARDED_AVAILABILITY = YES_AGGRESSIVE;
				CLANG_WARN_UNREACHABLE_CODE = YES;
				CLANG_WARN__DUPLICATE_METHOD_MATCH = YES;
				COPY_PHASE_STRIP = NO;
				DEBUG_INFORMATION_FORMAT = "dwarf-with-dsym";
				ENABLE_NS_ASSERTIONS = NO;
				ENABLE_STRICT_OBJC_MSGSEND = YES;
				GCC_C_LANGUAGE_STANDARD = gnu11;
				GCC_NO_COMMON_BLOCKS = YES;
				GCC_WARN_64_TO_32_BIT_CONVERSION = YES;
				GCC_WARN_ABOUT_RETURN_TYPE = YES_ERROR;
				GCC_WARN_UNDECLARED_SELECTOR = YES;
				GCC_WARN_UNINITIALIZED_AUTOS = YES_AGGRESSIVE;
				GCC_WARN_UNUSED_FUNCTION = YES;
				GCC_WARN_UNUSED_VARIABLE = YES;
				MACOSX_DEPLOYMENT_TARGET = 13.1;
				MTL_ENABLE_DEBUG_INFO = NO;
				MTL_FAST_MATH = YES;
				SDKROOT = macosx;
				SWIFT_COMPILATION_MODE = wholemodule;
				SWIFT_OPTIMIZATION_LEVEL = "-O";
			};
			name = Release;
		};
		ED05D13829B32C5A00BA286C /* Debug */ = {
			isa = XCBuildConfiguration;
			buildSettings = {
				CODE_SIGN_STYLE = Automatic;
				DEVELOPMENT_TEAM = 82J7RU93V4;
				ENABLE_HARDENED_RUNTIME = YES;
				PRODUCT_NAME = "$(TARGET_NAME)";
				SWIFT_VERSION = 5.0;
			};
			name = Debug;
		};
		ED05D13929B32C5A00BA286C /* Release */ = {
			isa = XCBuildConfiguration;
			buildSettings = {
				CODE_SIGN_STYLE = Automatic;
				DEVELOPMENT_TEAM = 82J7RU93V4;
				ENABLE_HARDENED_RUNTIME = YES;
				PRODUCT_NAME = "$(TARGET_NAME)";
				SWIFT_VERSION = 5.0;
			};
			name = Release;
		};
		ED05D14329B32C9F00BA286C /* Debug */ = {
			isa = XCBuildConfiguration;
			buildSettings = {
				CODE_SIGN_STYLE = Automatic;
				DEVELOPMENT_TEAM = 82J7RU93V4;
				ENABLE_HARDENED_RUNTIME = YES;
				PRODUCT_NAME = "$(TARGET_NAME)";
				SWIFT_VERSION = 5.0;
			};
			name = Debug;
		};
		ED05D14429B32C9F00BA286C /* Release */ = {
			isa = XCBuildConfiguration;
			buildSettings = {
				CODE_SIGN_STYLE = Automatic;
				DEVELOPMENT_TEAM = 82J7RU93V4;
				ENABLE_HARDENED_RUNTIME = YES;
				PRODUCT_NAME = "$(TARGET_NAME)";
				SWIFT_VERSION = 5.0;
			};
			name = Release;
		};
		ED05D14E29B3354300BA286C /* Debug */ = {
			isa = XCBuildConfiguration;
			buildSettings = {
				CODE_SIGN_STYLE = Automatic;
				DEVELOPMENT_TEAM = 82J7RU93V4;
				ENABLE_HARDENED_RUNTIME = YES;
				PRODUCT_NAME = "$(TARGET_NAME)";
				SWIFT_VERSION = 5.0;
			};
			name = Debug;
		};
		ED05D14F29B3354300BA286C /* Release */ = {
			isa = XCBuildConfiguration;
			buildSettings = {
				CODE_SIGN_STYLE = Automatic;
				DEVELOPMENT_TEAM = 82J7RU93V4;
				ENABLE_HARDENED_RUNTIME = YES;
				PRODUCT_NAME = "$(TARGET_NAME)";
				SWIFT_VERSION = 5.0;
			};
			name = Release;
		};
		ED05D15B29B4679D00BA286C /* Debug */ = {
			isa = XCBuildConfiguration;
			buildSettings = {
				CODE_SIGN_STYLE = Automatic;
				DEVELOPMENT_TEAM = 82J7RU93V4;
				ENABLE_HARDENED_RUNTIME = YES;
				PRODUCT_NAME = "$(TARGET_NAME)";
				SWIFT_VERSION = 5.0;
			};
			name = Debug;
		};
		ED05D15C29B4679D00BA286C /* Release */ = {
			isa = XCBuildConfiguration;
			buildSettings = {
				CODE_SIGN_STYLE = Automatic;
				DEVELOPMENT_TEAM = 82J7RU93V4;
				ENABLE_HARDENED_RUNTIME = YES;
				PRODUCT_NAME = "$(TARGET_NAME)";
				SWIFT_VERSION = 5.0;
			};
			name = Release;
		};
		ED05D16629B48FEE00BA286C /* Debug */ = {
			isa = XCBuildConfiguration;
			buildSettings = {
				CODE_SIGN_STYLE = Automatic;
				DEVELOPMENT_TEAM = 82J7RU93V4;
				ENABLE_HARDENED_RUNTIME = YES;
				PRODUCT_NAME = "$(TARGET_NAME)";
				SWIFT_VERSION = 5.0;
			};
			name = Debug;
		};
		ED05D16729B48FEE00BA286C /* Release */ = {
			isa = XCBuildConfiguration;
			buildSettings = {
				CODE_SIGN_STYLE = Automatic;
				DEVELOPMENT_TEAM = 82J7RU93V4;
				ENABLE_HARDENED_RUNTIME = YES;
				PRODUCT_NAME = "$(TARGET_NAME)";
				SWIFT_VERSION = 5.0;
			};
			name = Release;
		};
		ED05D17129B4BB4100BA286C /* Debug */ = {
			isa = XCBuildConfiguration;
			buildSettings = {
				CODE_SIGN_STYLE = Automatic;
				DEVELOPMENT_TEAM = 82J7RU93V4;
				ENABLE_HARDENED_RUNTIME = YES;
				PRODUCT_NAME = "$(TARGET_NAME)";
				SWIFT_VERSION = 5.0;
			};
			name = Debug;
		};
		ED05D17229B4BB4100BA286C /* Release */ = {
			isa = XCBuildConfiguration;
			buildSettings = {
				CODE_SIGN_STYLE = Automatic;
				DEVELOPMENT_TEAM = 82J7RU93V4;
				ENABLE_HARDENED_RUNTIME = YES;
				PRODUCT_NAME = "$(TARGET_NAME)";
				SWIFT_VERSION = 5.0;
			};
			name = Release;
		};
		ED05D17C29B4C87300BA286C /* Debug */ = {
			isa = XCBuildConfiguration;
			buildSettings = {
				CODE_SIGN_STYLE = Automatic;
				DEVELOPMENT_TEAM = 82J7RU93V4;
				ENABLE_HARDENED_RUNTIME = YES;
				PRODUCT_NAME = "$(TARGET_NAME)";
				SWIFT_VERSION = 5.0;
			};
			name = Debug;
		};
		ED05D17D29B4C87300BA286C /* Release */ = {
			isa = XCBuildConfiguration;
			buildSettings = {
				CODE_SIGN_STYLE = Automatic;
				DEVELOPMENT_TEAM = 82J7RU93V4;
				ENABLE_HARDENED_RUNTIME = YES;
				PRODUCT_NAME = "$(TARGET_NAME)";
				SWIFT_VERSION = 5.0;
			};
			name = Release;
		};
		ED05D18729B4D08200BA286C /* Debug */ = {
			isa = XCBuildConfiguration;
			buildSettings = {
				CODE_SIGN_STYLE = Automatic;
				DEVELOPMENT_TEAM = 82J7RU93V4;
				ENABLE_HARDENED_RUNTIME = YES;
				PRODUCT_NAME = "$(TARGET_NAME)";
				SWIFT_VERSION = 5.0;
			};
			name = Debug;
		};
		ED05D18829B4D08200BA286C /* Release */ = {
			isa = XCBuildConfiguration;
			buildSettings = {
				CODE_SIGN_STYLE = Automatic;
				DEVELOPMENT_TEAM = 82J7RU93V4;
				ENABLE_HARDENED_RUNTIME = YES;
				PRODUCT_NAME = "$(TARGET_NAME)";
				SWIFT_VERSION = 5.0;
			};
			name = Release;
		};
		ED05D19229B506E100BA286C /* Debug */ = {
			isa = XCBuildConfiguration;
			buildSettings = {
				CODE_SIGN_STYLE = Automatic;
				DEVELOPMENT_TEAM = 82J7RU93V4;
				ENABLE_HARDENED_RUNTIME = YES;
				PRODUCT_NAME = "$(TARGET_NAME)";
				SWIFT_VERSION = 5.0;
			};
			name = Debug;
		};
		ED05D19329B506E100BA286C /* Release */ = {
			isa = XCBuildConfiguration;
			buildSettings = {
				CODE_SIGN_STYLE = Automatic;
				DEVELOPMENT_TEAM = 82J7RU93V4;
				ENABLE_HARDENED_RUNTIME = YES;
				PRODUCT_NAME = "$(TARGET_NAME)";
				SWIFT_VERSION = 5.0;
			};
			name = Release;
		};
		ED05D19D29B5B4E100BA286C /* Debug */ = {
			isa = XCBuildConfiguration;
			buildSettings = {
				CODE_SIGN_STYLE = Automatic;
				DEVELOPMENT_TEAM = 82J7RU93V4;
				ENABLE_HARDENED_RUNTIME = YES;
				PRODUCT_NAME = "$(TARGET_NAME)";
				SWIFT_VERSION = 5.0;
			};
			name = Debug;
		};
		ED05D19E29B5B4E100BA286C /* Release */ = {
			isa = XCBuildConfiguration;
			buildSettings = {
				CODE_SIGN_STYLE = Automatic;
				DEVELOPMENT_TEAM = 82J7RU93V4;
				ENABLE_HARDENED_RUNTIME = YES;
				PRODUCT_NAME = "$(TARGET_NAME)";
				SWIFT_VERSION = 5.0;
			};
			name = Release;
		};
		ED05D1A829B5D7E800BA286C /* Debug */ = {
			isa = XCBuildConfiguration;
			buildSettings = {
				CODE_SIGN_STYLE = Automatic;
				DEVELOPMENT_TEAM = 82J7RU93V4;
				ENABLE_HARDENED_RUNTIME = YES;
				PRODUCT_NAME = "$(TARGET_NAME)";
				SWIFT_VERSION = 5.0;
			};
			name = Debug;
		};
		ED05D1A929B5D7E800BA286C /* Release */ = {
			isa = XCBuildConfiguration;
			buildSettings = {
				CODE_SIGN_STYLE = Automatic;
				DEVELOPMENT_TEAM = 82J7RU93V4;
				ENABLE_HARDENED_RUNTIME = YES;
				PRODUCT_NAME = "$(TARGET_NAME)";
				SWIFT_VERSION = 5.0;
			};
			name = Release;
		};
		ED05D1B629B6E6A300BA286C /* Debug */ = {
			isa = XCBuildConfiguration;
			buildSettings = {
				CODE_SIGN_STYLE = Automatic;
				DEVELOPMENT_TEAM = 82J7RU93V4;
				ENABLE_HARDENED_RUNTIME = YES;
				PRODUCT_NAME = "$(TARGET_NAME)";
				SWIFT_VERSION = 5.0;
			};
			name = Debug;
		};
		ED05D1B729B6E6A300BA286C /* Release */ = {
			isa = XCBuildConfiguration;
			buildSettings = {
				CODE_SIGN_STYLE = Automatic;
				DEVELOPMENT_TEAM = 82J7RU93V4;
				ENABLE_HARDENED_RUNTIME = YES;
				PRODUCT_NAME = "$(TARGET_NAME)";
				SWIFT_VERSION = 5.0;
			};
			name = Release;
		};
		ED1BE40E29B75CCE004FB8D6 /* Debug */ = {
			isa = XCBuildConfiguration;
			buildSettings = {
				CODE_SIGN_STYLE = Automatic;
				DEVELOPMENT_TEAM = 82J7RU93V4;
				ENABLE_HARDENED_RUNTIME = YES;
				PRODUCT_NAME = "$(TARGET_NAME)";
				SWIFT_VERSION = 5.0;
			};
			name = Debug;
		};
		ED1BE40F29B75CCE004FB8D6 /* Release */ = {
			isa = XCBuildConfiguration;
			buildSettings = {
				CODE_SIGN_STYLE = Automatic;
				DEVELOPMENT_TEAM = 82J7RU93V4;
				ENABLE_HARDENED_RUNTIME = YES;
				PRODUCT_NAME = "$(TARGET_NAME)";
				SWIFT_VERSION = 5.0;
			};
			name = Release;
		};
		ED1BE41A29B76235004FB8D6 /* Debug */ = {
			isa = XCBuildConfiguration;
			buildSettings = {
				CODE_SIGN_STYLE = Automatic;
				DEVELOPMENT_TEAM = 82J7RU93V4;
				ENABLE_HARDENED_RUNTIME = YES;
				PRODUCT_NAME = "$(TARGET_NAME)";
				SWIFT_VERSION = 5.0;
			};
			name = Debug;
		};
		ED1BE41B29B76235004FB8D6 /* Release */ = {
			isa = XCBuildConfiguration;
			buildSettings = {
				CODE_SIGN_STYLE = Automatic;
				DEVELOPMENT_TEAM = 82J7RU93V4;
				ENABLE_HARDENED_RUNTIME = YES;
				PRODUCT_NAME = "$(TARGET_NAME)";
				SWIFT_VERSION = 5.0;
			};
			name = Release;
		};
		ED1BE42529B779FF004FB8D6 /* Debug */ = {
			isa = XCBuildConfiguration;
			buildSettings = {
				CODE_SIGN_STYLE = Automatic;
				DEVELOPMENT_TEAM = 82J7RU93V4;
				ENABLE_HARDENED_RUNTIME = YES;
				PRODUCT_NAME = "$(TARGET_NAME)";
				SWIFT_VERSION = 5.0;
			};
			name = Debug;
		};
		ED1BE42629B779FF004FB8D6 /* Release */ = {
			isa = XCBuildConfiguration;
			buildSettings = {
				CODE_SIGN_STYLE = Automatic;
				DEVELOPMENT_TEAM = 82J7RU93V4;
				ENABLE_HARDENED_RUNTIME = YES;
				PRODUCT_NAME = "$(TARGET_NAME)";
				SWIFT_VERSION = 5.0;
			};
			name = Release;
		};
		ED3E327C29BC14AA00B03E96 /* Debug */ = {
			isa = XCBuildConfiguration;
			buildSettings = {
				CODE_SIGN_STYLE = Automatic;
				DEVELOPMENT_TEAM = 82J7RU93V4;
				ENABLE_HARDENED_RUNTIME = YES;
				PRODUCT_NAME = "$(TARGET_NAME)";
				SWIFT_VERSION = 5.0;
			};
			name = Debug;
		};
		ED3E327D29BC14AA00B03E96 /* Release */ = {
			isa = XCBuildConfiguration;
			buildSettings = {
				CODE_SIGN_STYLE = Automatic;
				DEVELOPMENT_TEAM = 82J7RU93V4;
				ENABLE_HARDENED_RUNTIME = YES;
				PRODUCT_NAME = "$(TARGET_NAME)";
				SWIFT_VERSION = 5.0;
			};
			name = Release;
		};
		ED3E328729BC54CF00B03E96 /* Debug */ = {
			isa = XCBuildConfiguration;
			buildSettings = {
				CODE_SIGN_STYLE = Automatic;
				DEVELOPMENT_TEAM = 82J7RU93V4;
				ENABLE_HARDENED_RUNTIME = YES;
				PRODUCT_NAME = "$(TARGET_NAME)";
				SWIFT_VERSION = 5.0;
			};
			name = Debug;
		};
		ED3E328829BC54CF00B03E96 /* Release */ = {
			isa = XCBuildConfiguration;
			buildSettings = {
				CODE_SIGN_STYLE = Automatic;
				DEVELOPMENT_TEAM = 82J7RU93V4;
				ENABLE_HARDENED_RUNTIME = YES;
				PRODUCT_NAME = "$(TARGET_NAME)";
				SWIFT_VERSION = 5.0;
			};
			name = Release;
		};
		ED6BD48E29B703CE0051CD40 /* Debug */ = {
			isa = XCBuildConfiguration;
			buildSettings = {
				CODE_SIGN_STYLE = Automatic;
				DEVELOPMENT_TEAM = 82J7RU93V4;
				ENABLE_HARDENED_RUNTIME = YES;
				PRODUCT_NAME = "$(TARGET_NAME)";
				SWIFT_VERSION = 5.0;
			};
			name = Debug;
		};
		ED6BD48F29B703CE0051CD40 /* Release */ = {
			isa = XCBuildConfiguration;
			buildSettings = {
				CODE_SIGN_STYLE = Automatic;
				DEVELOPMENT_TEAM = 82J7RU93V4;
				ENABLE_HARDENED_RUNTIME = YES;
				PRODUCT_NAME = "$(TARGET_NAME)";
				SWIFT_VERSION = 5.0;
			};
			name = Release;
		};
		ED773F4629C1CF1700A0849D /* Debug */ = {
			isa = XCBuildConfiguration;
			buildSettings = {
				CODE_SIGN_STYLE = Automatic;
				DEVELOPMENT_TEAM = 82J7RU93V4;
				ENABLE_HARDENED_RUNTIME = YES;
				PRODUCT_NAME = "$(TARGET_NAME)";
				SWIFT_VERSION = 5.0;
			};
			name = Debug;
		};
		ED773F4729C1CF1700A0849D /* Release */ = {
			isa = XCBuildConfiguration;
			buildSettings = {
				CODE_SIGN_STYLE = Automatic;
				DEVELOPMENT_TEAM = 82J7RU93V4;
				ENABLE_HARDENED_RUNTIME = YES;
				PRODUCT_NAME = "$(TARGET_NAME)";
				SWIFT_VERSION = 5.0;
			};
			name = Release;
		};
		EDA29A9129C60C6E0097ECD7 /* Debug */ = {
			isa = XCBuildConfiguration;
			buildSettings = {
				CODE_SIGN_STYLE = Automatic;
				DEVELOPMENT_TEAM = 82J7RU93V4;
				ENABLE_HARDENED_RUNTIME = YES;
				PRODUCT_NAME = "$(TARGET_NAME)";
				SWIFT_VERSION = 5.0;
			};
			name = Debug;
		};
		EDA29A9229C60C6E0097ECD7 /* Release */ = {
			isa = XCBuildConfiguration;
			buildSettings = {
				CODE_SIGN_STYLE = Automatic;
				DEVELOPMENT_TEAM = 82J7RU93V4;
				ENABLE_HARDENED_RUNTIME = YES;
				PRODUCT_NAME = "$(TARGET_NAME)";
				SWIFT_VERSION = 5.0;
			};
			name = Release;
		};
/* End XCBuildConfiguration section */

/* Begin XCConfigurationList section */
		ED05D12B29B32C5A00BA286C /* Build configuration list for PBXProject "programmers" */ = {
			isa = XCConfigurationList;
			buildConfigurations = (
				ED05D13529B32C5A00BA286C /* Debug */,
				ED05D13629B32C5A00BA286C /* Release */,
			);
			defaultConfigurationIsVisible = 0;
			defaultConfigurationName = Release;
		};
		ED05D13729B32C5A00BA286C /* Build configuration list for PBXNativeTarget "programmers" */ = {
			isa = XCConfigurationList;
			buildConfigurations = (
				ED05D13829B32C5A00BA286C /* Debug */,
				ED05D13929B32C5A00BA286C /* Release */,
			);
			defaultConfigurationIsVisible = 0;
			defaultConfigurationName = Release;
		};
		ED05D14229B32C9F00BA286C /* Build configuration list for PBXNativeTarget "덧칠하기" */ = {
			isa = XCConfigurationList;
			buildConfigurations = (
				ED05D14329B32C9F00BA286C /* Debug */,
				ED05D14429B32C9F00BA286C /* Release */,
			);
			defaultConfigurationIsVisible = 0;
			defaultConfigurationName = Release;
		};
		ED05D14D29B3354300BA286C /* Build configuration list for PBXNativeTarget "혼자서 하는 틱택토" */ = {
			isa = XCConfigurationList;
			buildConfigurations = (
				ED05D14E29B3354300BA286C /* Debug */,
				ED05D14F29B3354300BA286C /* Release */,
			);
			defaultConfigurationIsVisible = 0;
			defaultConfigurationName = Release;
		};
		ED05D15A29B4679D00BA286C /* Build configuration list for PBXNativeTarget "미로 탈출" */ = {
			isa = XCConfigurationList;
			buildConfigurations = (
				ED05D15B29B4679D00BA286C /* Debug */,
				ED05D15C29B4679D00BA286C /* Release */,
			);
			defaultConfigurationIsVisible = 0;
			defaultConfigurationName = Release;
		};
		ED05D16529B48FEE00BA286C /* Build configuration list for PBXNativeTarget "호텔 대실" */ = {
			isa = XCConfigurationList;
			buildConfigurations = (
				ED05D16629B48FEE00BA286C /* Debug */,
				ED05D16729B48FEE00BA286C /* Release */,
			);
			defaultConfigurationIsVisible = 0;
			defaultConfigurationName = Release;
		};
		ED05D17029B4BB4100BA286C /* Build configuration list for PBXNativeTarget "무인도 여행" */ = {
			isa = XCConfigurationList;
			buildConfigurations = (
				ED05D17129B4BB4100BA286C /* Debug */,
				ED05D17229B4BB4100BA286C /* Release */,
			);
			defaultConfigurationIsVisible = 0;
			defaultConfigurationName = Release;
		};
		ED05D17B29B4C87300BA286C /* Build configuration list for PBXNativeTarget "뒤에 있는 큰 수 찾기" */ = {
			isa = XCConfigurationList;
			buildConfigurations = (
				ED05D17C29B4C87300BA286C /* Debug */,
				ED05D17D29B4C87300BA286C /* Release */,
			);
			defaultConfigurationIsVisible = 0;
			defaultConfigurationName = Release;
		};
		ED05D18629B4D08200BA286C /* Build configuration list for PBXNativeTarget "숫자 변환하기" */ = {
			isa = XCConfigurationList;
			buildConfigurations = (
				ED05D18729B4D08200BA286C /* Debug */,
				ED05D18829B4D08200BA286C /* Release */,
			);
			defaultConfigurationIsVisible = 0;
			defaultConfigurationName = Release;
		};
		ED05D19129B506E100BA286C /* Build configuration list for PBXNativeTarget "시소 짝꿍" */ = {
			isa = XCConfigurationList;
			buildConfigurations = (
				ED05D19229B506E100BA286C /* Debug */,
				ED05D19329B506E100BA286C /* Release */,
			);
			defaultConfigurationIsVisible = 0;
			defaultConfigurationName = Release;
		};
		ED05D19C29B5B4E100BA286C /* Build configuration list for PBXNativeTarget "택배 배달과 수거하기" */ = {
			isa = XCConfigurationList;
			buildConfigurations = (
				ED05D19D29B5B4E100BA286C /* Debug */,
				ED05D19E29B5B4E100BA286C /* Release */,
			);
			defaultConfigurationIsVisible = 0;
			defaultConfigurationName = Release;
		};
		ED05D1A729B5D7E800BA286C /* Build configuration list for PBXNativeTarget "이모티콘 할인행사" */ = {
			isa = XCConfigurationList;
			buildConfigurations = (
				ED05D1A829B5D7E800BA286C /* Debug */,
				ED05D1A929B5D7E800BA286C /* Release */,
			);
			defaultConfigurationIsVisible = 0;
			defaultConfigurationName = Release;
		};
		ED05D1B529B6E6A300BA286C /* Build configuration list for PBXNativeTarget "마법의 엘리베이터" */ = {
			isa = XCConfigurationList;
			buildConfigurations = (
				ED05D1B629B6E6A300BA286C /* Debug */,
				ED05D1B729B6E6A300BA286C /* Release */,
			);
			defaultConfigurationIsVisible = 0;
			defaultConfigurationName = Release;
		};
		ED1BE41029B75CCE004FB8D6 /* Build configuration list for PBXNativeTarget "테이블 해시 함수" */ = {
			isa = XCConfigurationList;
			buildConfigurations = (
				ED1BE40E29B75CCE004FB8D6 /* Debug */,
				ED1BE40F29B75CCE004FB8D6 /* Release */,
			);
			defaultConfigurationIsVisible = 0;
			defaultConfigurationName = Release;
		};
		ED1BE41929B76235004FB8D6 /* Build configuration list for PBXNativeTarget "숫자 카드 나누기" */ = {
			isa = XCConfigurationList;
			buildConfigurations = (
				ED1BE41A29B76235004FB8D6 /* Debug */,
				ED1BE41B29B76235004FB8D6 /* Release */,
			);
			defaultConfigurationIsVisible = 0;
			defaultConfigurationName = Release;
		};
		ED1BE42429B779FF004FB8D6 /* Build configuration list for PBXNativeTarget "우박수열 정적분" */ = {
			isa = XCConfigurationList;
			buildConfigurations = (
				ED1BE42529B779FF004FB8D6 /* Debug */,
				ED1BE42629B779FF004FB8D6 /* Release */,
			);
			defaultConfigurationIsVisible = 0;
			defaultConfigurationName = Release;
		};
		ED3E327B29BC14AA00B03E96 /* Build configuration list for PBXNativeTarget "롤케이크 자르기" */ = {
			isa = XCConfigurationList;
			buildConfigurations = (
				ED3E327C29BC14AA00B03E96 /* Debug */,
				ED3E327D29BC14AA00B03E96 /* Release */,
			);
			defaultConfigurationIsVisible = 0;
			defaultConfigurationName = Release;
		};
		ED3E328629BC54CF00B03E96 /* Build configuration list for PBXNativeTarget "택배상자" */ = {
			isa = XCConfigurationList;
			buildConfigurations = (
				ED3E328729BC54CF00B03E96 /* Debug */,
				ED3E328829BC54CF00B03E96 /* Release */,
			);
			defaultConfigurationIsVisible = 0;
			defaultConfigurationName = Release;
		};
		ED6BD49029B703CE0051CD40 /* Build configuration list for PBXNativeTarget "유사 칸토어 비트열" */ = {
			isa = XCConfigurationList;
			buildConfigurations = (
				ED6BD48E29B703CE0051CD40 /* Debug */,
				ED6BD48F29B703CE0051CD40 /* Release */,
			);
			defaultConfigurationIsVisible = 0;
			defaultConfigurationName = Release;
		};
		ED773F4829C1CF1700A0849D /* Build configuration list for PBXNativeTarget "연속 부분 수열 합의 개수" */ = {
			isa = XCConfigurationList;
			buildConfigurations = (
				ED773F4629C1CF1700A0849D /* Debug */,
				ED773F4729C1CF1700A0849D /* Release */,
			);
			defaultConfigurationIsVisible = 0;
			defaultConfigurationName = Release;
		};
		EDA29A9329C60C6E0097ECD7 /* Build configuration list for PBXNativeTarget "리코쳇 로봇" */ = {
			isa = XCConfigurationList;
			buildConfigurations = (
				EDA29A9129C60C6E0097ECD7 /* Debug */,
				EDA29A9229C60C6E0097ECD7 /* Release */,
			);
			defaultConfigurationIsVisible = 0;
			defaultConfigurationName = Release;
		};
/* End XCConfigurationList section */
	};
	rootObject = ED05D12829B32C5A00BA286C /* Project object */;
}
